// !$*UTF8*$!
{
	archiveVersion = 1;
	classes = {
	};
	objectVersion = 50;
	objects = {

/* Begin PBXBuildFile section */
		45D5D65123B4A9AC00767C58 /* SPVideoFrameDescription.m in Sources */ = {isa = PBXBuildFile; fileRef = 45D5D64823B4A9AC00767C58 /* SPVideoFrameDescription.m */; };
		45D5D65223B4A9AC00767C58 /* SuperPlayerUrl.m in Sources */ = {isa = PBXBuildFile; fileRef = 45D5D64923B4A9AC00767C58 /* SuperPlayerUrl.m */; };
		45D5D65323B4A9AC00767C58 /* SPPlayCGIParseResult.m in Sources */ = {isa = PBXBuildFile; fileRef = 45D5D64A23B4A9AC00767C58 /* SPPlayCGIParseResult.m */; };
		45D5D65423B4A9AC00767C58 /* SuperPlayerSprite.m in Sources */ = {isa = PBXBuildFile; fileRef = 45D5D64B23B4A9AC00767C58 /* SuperPlayerSprite.m */; };
		45D5D65523B4A9AC00767C58 /* AdaptiveStream.m in Sources */ = {isa = PBXBuildFile; fileRef = 45D5D64E23B4A9AC00767C58 /* AdaptiveStream.m */; };
		45D5D66B23B4C98800767C58 /* SPPlayCGIParser.m in Sources */ = {isa = PBXBuildFile; fileRef = 45D5D66A23B4C98800767C58 /* SPPlayCGIParser.m */; };
		45E7526123B39B8300C22B31 /* SPPlayCGIParser_V4.m in Sources */ = {isa = PBXBuildFile; fileRef = 45E7526023B39B8300C22B31 /* SPPlayCGIParser_V4.m */; };
		45E7526423B39BD100C22B31 /* SPPlayCGIParser_V2.m in Sources */ = {isa = PBXBuildFile; fileRef = 45E7526223B39BD000C22B31 /* SPPlayCGIParser_V2.m */; };
		9165F738214FCC9300F5BB88 /* TXCUrl.m in Sources */ = {isa = PBXBuildFile; fileRef = 9165F737214FCC9300F5BB88 /* TXCUrl.m */; };
		9165F739214FCD7000F5BB88 /* TXCUrl.h in CopyFiles */ = {isa = PBXBuildFile; fileRef = 9165F736214FCC9300F5BB88 /* TXCUrl.h */; };
		917AB0EC21ED833300D6B041 /* SuperPlayerControlView.m in Sources */ = {isa = PBXBuildFile; fileRef = 917AB0E921ED833300D6B041 /* SuperPlayerControlView.m */; };
		917AB0ED21ED833300D6B041 /* SuperPlayerViewConfig.m in Sources */ = {isa = PBXBuildFile; fileRef = 917AB0EB21ED833300D6B041 /* SuperPlayerViewConfig.m */; };
		917AB0F421ED836D00D6B041 /* StrUtils.m in Sources */ = {isa = PBXBuildFile; fileRef = 917AB0F021ED836D00D6B041 /* StrUtils.m */; };
		917AB0F521ED836D00D6B041 /* TXBitrateItemHelper.m in Sources */ = {isa = PBXBuildFile; fileRef = 917AB0F121ED836D00D6B041 /* TXBitrateItemHelper.m */; };
		917AB0F621ED836D00D6B041 /* UIView+Fade.m in Sources */ = {isa = PBXBuildFile; fileRef = 917AB0F321ED836D00D6B041 /* UIView+Fade.m */; };
		917AB0FC21ED838400D6B041 /* SPDefaultControlView.m in Sources */ = {isa = PBXBuildFile; fileRef = 917AB0F921ED838400D6B041 /* SPDefaultControlView.m */; };
		917AB0FD21ED838400D6B041 /* SPWeiboControlView.m in Sources */ = {isa = PBXBuildFile; fileRef = 917AB0FB21ED838400D6B041 /* SPWeiboControlView.m */; };
		919D18F521533DAC00947BF5 /* UINavigationController+SuperPlayerRotation.m in Sources */ = {isa = PBXBuildFile; fileRef = 919D18F221533DAB00947BF5 /* UINavigationController+SuperPlayerRotation.m */; };
		919D18F621533DAC00947BF5 /* UIViewController+SuperPlayerRotation.m in Sources */ = {isa = PBXBuildFile; fileRef = 919D18F421533DAB00947BF5 /* UIViewController+SuperPlayerRotation.m */; };
		91A1D63F214770C900EA9A19 /* UIView+MMLayout.h in CopyFiles */ = {isa = PBXBuildFile; fileRef = 91A1D5E5214673F300EA9A19 /* UIView+MMLayout.h */; };
		91A1D640214770C900EA9A19 /* SuperPlayerControlViewDelegate.h in CopyFiles */ = {isa = PBXBuildFile; fileRef = 91A1D5E9214673F400EA9A19 /* SuperPlayerControlViewDelegate.h */; };
		91A1D642214770C900EA9A19 /* SuperPlayerModel.h in CopyFiles */ = {isa = PBXBuildFile; fileRef = 91A1D5C4214673F300EA9A19 /* SuperPlayerModel.h */; };
		91A1D643214770C900EA9A19 /* SuperPlayerView.h in CopyFiles */ = {isa = PBXBuildFile; fileRef = 91A1D5D3214673F300EA9A19 /* SuperPlayerView.h */; };
		91A1D644214770C900EA9A19 /* SuperPlayerWindow.h in CopyFiles */ = {isa = PBXBuildFile; fileRef = 91A1D5C2214673F200EA9A19 /* SuperPlayerWindow.h */; };
		91A1D645214770C900EA9A19 /* PlayerSlider.h in CopyFiles */ = {isa = PBXBuildFile; fileRef = 91A1D5CA214673F300EA9A19 /* PlayerSlider.h */; };
		91A1D647214770C900EA9A19 /* SuperPlayerFastView.h in CopyFiles */ = {isa = PBXBuildFile; fileRef = 91A1D5CE214673F300EA9A19 /* SuperPlayerFastView.h */; };
		91A1D6492147749A00EA9A19 /* SuperPlayer.h in CopyFiles */ = {isa = PBXBuildFile; fileRef = 91A1D6482147749100EA9A19 /* SuperPlayer.h */; };
		91A1D64C2147751700EA9A19 /* J2Obj.h in CopyFiles */ = {isa = PBXBuildFile; fileRef = 91A1D5D7214673F300EA9A19 /* J2Obj.h */; };
		91A1D64E2147763B00EA9A19 /* UIView+MMLayout.m in Sources */ = {isa = PBXBuildFile; fileRef = 91A1D5E6214673F300EA9A19 /* UIView+MMLayout.m */; };
		91A1D6542147765400EA9A19 /* SuperPlayerModel.m in Sources */ = {isa = PBXBuildFile; fileRef = 91A1D5D2214673F300EA9A19 /* SuperPlayerModel.m */; };
		91A1D6552147765400EA9A19 /* SuperPlayerView.m in Sources */ = {isa = PBXBuildFile; fileRef = 91A1D5EB214673F400EA9A19 /* SuperPlayerView.m */; };
		91A1D6562147765400EA9A19 /* SuperPlayerWindow.m in Sources */ = {isa = PBXBuildFile; fileRef = 91A1D5C1214673F200EA9A19 /* SuperPlayerWindow.m */; };
		91A1D6572147768C00EA9A19 /* DataReport.m in Sources */ = {isa = PBXBuildFile; fileRef = 91A1D5D6214673F300EA9A19 /* DataReport.m */; };
		91A1D6582147768C00EA9A19 /* J2Obj.m in Sources */ = {isa = PBXBuildFile; fileRef = 91A1D5D8214673F300EA9A19 /* J2Obj.m */; };
		91A1D6592147768C00EA9A19 /* NetWatcher.m in Sources */ = {isa = PBXBuildFile; fileRef = 91A1D5DA214673F300EA9A19 /* NetWatcher.m */; };
		91A1D65A2147769500EA9A19 /* MMMaterialDesignSpinner.m in Sources */ = {isa = PBXBuildFile; fileRef = 91A1D5C7214673F300EA9A19 /* MMMaterialDesignSpinner.m */; };
		91A1D65B2147769500EA9A19 /* SuperPlayerSettingsView.m in Sources */ = {isa = PBXBuildFile; fileRef = 91A1D5C9214673F300EA9A19 /* SuperPlayerSettingsView.m */; };
		91A1D65C2147769500EA9A19 /* PlayerSlider.m in Sources */ = {isa = PBXBuildFile; fileRef = 91A1D5CB214673F300EA9A19 /* PlayerSlider.m */; };
		91A1D65E2147769500EA9A19 /* SuperPlayerFastView.m in Sources */ = {isa = PBXBuildFile; fileRef = 91A1D5CF214673F300EA9A19 /* SuperPlayerFastView.m */; };
		ED470D5C28C1C0FD000C2BB8 /* UILabel+Size.m in Sources */ = {isa = PBXBuildFile; fileRef = ED470D5928C1C0FD000C2BB8 /* UILabel+Size.m */; };
		ED470D5D28C1C0FD000C2BB8 /* SuperPlayerReachability.m in Sources */ = {isa = PBXBuildFile; fileRef = ED470D5B28C1C0FD000C2BB8 /* SuperPlayerReachability.m */; };
		F222F67123F29F3D002D52B7 /* SPSubStreamInfo.m in Sources */ = {isa = PBXBuildFile; fileRef = F222F67023F29F3D002D52B7 /* SPSubStreamInfo.m */; };
/* End PBXBuildFile section */

/* Begin PBXCopyFilesBuildPhase section */
		91A1D6342147703B00EA9A19 /* CopyFiles */ = {
			isa = PBXCopyFilesBuildPhase;
			buildActionMask = 2147483647;
			dstPath = "include/$(PRODUCT_NAME)";
			dstSubfolderSpec = 16;
			files = (
				9165F739214FCD7000F5BB88 /* TXCUrl.h in CopyFiles */,
				91A1D64C2147751700EA9A19 /* J2Obj.h in CopyFiles */,
				91A1D6492147749A00EA9A19 /* SuperPlayer.h in CopyFiles */,
				91A1D63F214770C900EA9A19 /* UIView+MMLayout.h in CopyFiles */,
				91A1D640214770C900EA9A19 /* SuperPlayerControlViewDelegate.h in CopyFiles */,
				91A1D642214770C900EA9A19 /* SuperPlayerModel.h in CopyFiles */,
				91A1D643214770C900EA9A19 /* SuperPlayerView.h in CopyFiles */,
				91A1D644214770C900EA9A19 /* SuperPlayerWindow.h in CopyFiles */,
				91A1D645214770C900EA9A19 /* PlayerSlider.h in CopyFiles */,
				91A1D647214770C900EA9A19 /* SuperPlayerFastView.h in CopyFiles */,
			);
			runOnlyForDeploymentPostprocessing = 0;
		};
/* End PBXCopyFilesBuildPhase section */

/* Begin PBXFileReference section */
		45C5CC352429F0B800E24052 /* SuperPlayerHelpers.h */ = {isa = PBXFileReference; fileEncoding = 4; lastKnownFileType = sourcecode.c.h; path = SuperPlayerHelpers.h; sourceTree = "<group>"; };
		45D5D64423B4A9AC00767C58 /* SPPlayCGIParseResult.h */ = {isa = PBXFileReference; fileEncoding = 4; lastKnownFileType = sourcecode.c.h; path = SPPlayCGIParseResult.h; sourceTree = "<group>"; };
		45D5D64623B4A9AC00767C58 /* SuperPlayerSprite.h */ = {isa = PBXFileReference; fileEncoding = 4; lastKnownFileType = sourcecode.c.h; path = SuperPlayerSprite.h; sourceTree = "<group>"; };
		45D5D64723B4A9AC00767C58 /* AdaptiveStream.h */ = {isa = PBXFileReference; fileEncoding = 4; lastKnownFileType = sourcecode.c.h; path = AdaptiveStream.h; sourceTree = "<group>"; };
		45D5D64823B4A9AC00767C58 /* SPVideoFrameDescription.m */ = {isa = PBXFileReference; fileEncoding = 4; lastKnownFileType = sourcecode.c.objc; path = SPVideoFrameDescription.m; sourceTree = "<group>"; };
		45D5D64923B4A9AC00767C58 /* SuperPlayerUrl.m */ = {isa = PBXFileReference; fileEncoding = 4; lastKnownFileType = sourcecode.c.objc; path = SuperPlayerUrl.m; sourceTree = "<group>"; };
		45D5D64A23B4A9AC00767C58 /* SPPlayCGIParseResult.m */ = {isa = PBXFileReference; fileEncoding = 4; lastKnownFileType = sourcecode.c.objc; path = SPPlayCGIParseResult.m; sourceTree = "<group>"; };
		45D5D64B23B4A9AC00767C58 /* SuperPlayerSprite.m */ = {isa = PBXFileReference; fileEncoding = 4; lastKnownFileType = sourcecode.c.objc; path = SuperPlayerSprite.m; sourceTree = "<group>"; };
		45D5D64D23B4A9AC00767C58 /* SPVideoFrameDescription.h */ = {isa = PBXFileReference; fileEncoding = 4; lastKnownFileType = sourcecode.c.h; path = SPVideoFrameDescription.h; sourceTree = "<group>"; };
		45D5D64E23B4A9AC00767C58 /* AdaptiveStream.m */ = {isa = PBXFileReference; fileEncoding = 4; lastKnownFileType = sourcecode.c.objc; path = AdaptiveStream.m; sourceTree = "<group>"; };
		45D5D64F23B4A9AC00767C58 /* SuperPlayerUrl.h */ = {isa = PBXFileReference; fileEncoding = 4; lastKnownFileType = sourcecode.c.h; path = SuperPlayerUrl.h; sourceTree = "<group>"; };
		45D5D66923B4C98800767C58 /* SPPlayCGIParser.h */ = {isa = PBXFileReference; lastKnownFileType = sourcecode.c.h; path = SPPlayCGIParser.h; sourceTree = "<group>"; };
		45D5D66A23B4C98800767C58 /* SPPlayCGIParser.m */ = {isa = PBXFileReference; lastKnownFileType = sourcecode.c.objc; path = SPPlayCGIParser.m; sourceTree = "<group>"; };
		45E7525E23B39B6900C22B31 /* SPPlayCGIParserProtocol.h */ = {isa = PBXFileReference; lastKnownFileType = sourcecode.c.h; path = SPPlayCGIParserProtocol.h; sourceTree = "<group>"; };
		45E7525F23B39B8300C22B31 /* SPPlayCGIParser_V4.h */ = {isa = PBXFileReference; fileEncoding = 4; lastKnownFileType = sourcecode.c.h; path = SPPlayCGIParser_V4.h; sourceTree = "<group>"; };
		45E7526023B39B8300C22B31 /* SPPlayCGIParser_V4.m */ = {isa = PBXFileReference; fileEncoding = 4; lastKnownFileType = sourcecode.c.objc; path = SPPlayCGIParser_V4.m; sourceTree = "<group>"; };
		45E7526223B39BD000C22B31 /* SPPlayCGIParser_V2.m */ = {isa = PBXFileReference; fileEncoding = 4; lastKnownFileType = sourcecode.c.objc; path = SPPlayCGIParser_V2.m; sourceTree = "<group>"; };
		45E7526323B39BD000C22B31 /* SPPlayCGIParser_V2.h */ = {isa = PBXFileReference; fileEncoding = 4; lastKnownFileType = sourcecode.c.h; path = SPPlayCGIParser_V2.h; sourceTree = "<group>"; };
		9165F736214FCC9300F5BB88 /* TXCUrl.h */ = {isa = PBXFileReference; lastKnownFileType = sourcecode.c.h; path = TXCUrl.h; sourceTree = "<group>"; };
		9165F737214FCC9300F5BB88 /* TXCUrl.m */ = {isa = PBXFileReference; lastKnownFileType = sourcecode.c.objc; path = TXCUrl.m; sourceTree = "<group>"; };
		917AB0E821ED833200D6B041 /* SuperPlayerViewConfig.h */ = {isa = PBXFileReference; fileEncoding = 4; lastKnownFileType = sourcecode.c.h; path = SuperPlayerViewConfig.h; sourceTree = "<group>"; };
		917AB0E921ED833300D6B041 /* SuperPlayerControlView.m */ = {isa = PBXFileReference; fileEncoding = 4; lastKnownFileType = sourcecode.c.objc; path = SuperPlayerControlView.m; sourceTree = "<group>"; };
		917AB0EA21ED833300D6B041 /* SuperPlayerControlView.h */ = {isa = PBXFileReference; fileEncoding = 4; lastKnownFileType = sourcecode.c.h; path = SuperPlayerControlView.h; sourceTree = "<group>"; };
		917AB0EB21ED833300D6B041 /* SuperPlayerViewConfig.m */ = {isa = PBXFileReference; fileEncoding = 4; lastKnownFileType = sourcecode.c.objc; path = SuperPlayerViewConfig.m; sourceTree = "<group>"; };
		917AB0EE21ED836C00D6B041 /* TXBitrateItemHelper.h */ = {isa = PBXFileReference; fileEncoding = 4; lastKnownFileType = sourcecode.c.h; path = TXBitrateItemHelper.h; sourceTree = "<group>"; };
		917AB0EF21ED836D00D6B041 /* StrUtils.h */ = {isa = PBXFileReference; fileEncoding = 4; lastKnownFileType = sourcecode.c.h; path = StrUtils.h; sourceTree = "<group>"; };
		917AB0F021ED836D00D6B041 /* StrUtils.m */ = {isa = PBXFileReference; fileEncoding = 4; lastKnownFileType = sourcecode.c.objc; path = StrUtils.m; sourceTree = "<group>"; };
		917AB0F121ED836D00D6B041 /* TXBitrateItemHelper.m */ = {isa = PBXFileReference; fileEncoding = 4; lastKnownFileType = sourcecode.c.objc; path = TXBitrateItemHelper.m; sourceTree = "<group>"; };
		917AB0F221ED836D00D6B041 /* UIView+Fade.h */ = {isa = PBXFileReference; fileEncoding = 4; lastKnownFileType = sourcecode.c.h; path = "UIView+Fade.h"; sourceTree = "<group>"; };
		917AB0F321ED836D00D6B041 /* UIView+Fade.m */ = {isa = PBXFileReference; fileEncoding = 4; lastKnownFileType = sourcecode.c.objc; path = "UIView+Fade.m"; sourceTree = "<group>"; };
		917AB0F821ED838400D6B041 /* SPDefaultControlView.h */ = {isa = PBXFileReference; fileEncoding = 4; lastKnownFileType = sourcecode.c.h; path = SPDefaultControlView.h; sourceTree = "<group>"; };
		917AB0F921ED838400D6B041 /* SPDefaultControlView.m */ = {isa = PBXFileReference; fileEncoding = 4; lastKnownFileType = sourcecode.c.objc; path = SPDefaultControlView.m; sourceTree = "<group>"; };
		917AB0FA21ED838400D6B041 /* SPWeiboControlView.h */ = {isa = PBXFileReference; fileEncoding = 4; lastKnownFileType = sourcecode.c.h; path = SPWeiboControlView.h; sourceTree = "<group>"; };
		917AB0FB21ED838400D6B041 /* SPWeiboControlView.m */ = {isa = PBXFileReference; fileEncoding = 4; lastKnownFileType = sourcecode.c.objc; path = SPWeiboControlView.m; sourceTree = "<group>"; };
		919D18F121533DAB00947BF5 /* UINavigationController+SuperPlayerRotation.h */ = {isa = PBXFileReference; fileEncoding = 4; lastKnownFileType = sourcecode.c.h; path = "UINavigationController+SuperPlayerRotation.h"; sourceTree = "<group>"; };
		919D18F221533DAB00947BF5 /* UINavigationController+SuperPlayerRotation.m */ = {isa = PBXFileReference; fileEncoding = 4; lastKnownFileType = sourcecode.c.objc; path = "UINavigationController+SuperPlayerRotation.m"; sourceTree = "<group>"; };
		919D18F321533DAB00947BF5 /* UIViewController+SuperPlayerRotation.h */ = {isa = PBXFileReference; fileEncoding = 4; lastKnownFileType = sourcecode.c.h; path = "UIViewController+SuperPlayerRotation.h"; sourceTree = "<group>"; };
		919D18F421533DAB00947BF5 /* UIViewController+SuperPlayerRotation.m */ = {isa = PBXFileReference; fileEncoding = 4; lastKnownFileType = sourcecode.c.objc; path = "UIViewController+SuperPlayerRotation.m"; sourceTree = "<group>"; };
		91A1D5B12146719900EA9A19 /* Info.plist */ = {isa = PBXFileReference; lastKnownFileType = text.plist.xml; path = Info.plist; sourceTree = "<group>"; };
		91A1D5C1214673F200EA9A19 /* SuperPlayerWindow.m */ = {isa = PBXFileReference; fileEncoding = 4; lastKnownFileType = sourcecode.c.objc; path = SuperPlayerWindow.m; sourceTree = "<group>"; };
		91A1D5C2214673F200EA9A19 /* SuperPlayerWindow.h */ = {isa = PBXFileReference; fileEncoding = 4; lastKnownFileType = sourcecode.c.h; path = SuperPlayerWindow.h; sourceTree = "<group>"; };
		91A1D5C4214673F300EA9A19 /* SuperPlayerModel.h */ = {isa = PBXFileReference; fileEncoding = 4; lastKnownFileType = sourcecode.c.h; path = SuperPlayerModel.h; sourceTree = "<group>"; };
		91A1D5C6214673F300EA9A19 /* MMMaterialDesignSpinner.h */ = {isa = PBXFileReference; fileEncoding = 4; lastKnownFileType = sourcecode.c.h; path = MMMaterialDesignSpinner.h; sourceTree = "<group>"; };
		91A1D5C7214673F300EA9A19 /* MMMaterialDesignSpinner.m */ = {isa = PBXFileReference; fileEncoding = 4; lastKnownFileType = sourcecode.c.objc; path = MMMaterialDesignSpinner.m; sourceTree = "<group>"; };
		91A1D5C8214673F300EA9A19 /* SuperPlayerSettingsView.h */ = {isa = PBXFileReference; fileEncoding = 4; lastKnownFileType = sourcecode.c.h; path = SuperPlayerSettingsView.h; sourceTree = "<group>"; };
		91A1D5C9214673F300EA9A19 /* SuperPlayerSettingsView.m */ = {isa = PBXFileReference; fileEncoding = 4; lastKnownFileType = sourcecode.c.objc; path = SuperPlayerSettingsView.m; sourceTree = "<group>"; };
		91A1D5CA214673F300EA9A19 /* PlayerSlider.h */ = {isa = PBXFileReference; fileEncoding = 4; lastKnownFileType = sourcecode.c.h; path = PlayerSlider.h; sourceTree = "<group>"; };
		91A1D5CB214673F300EA9A19 /* PlayerSlider.m */ = {isa = PBXFileReference; fileEncoding = 4; lastKnownFileType = sourcecode.c.objc; path = PlayerSlider.m; sourceTree = "<group>"; };
		91A1D5CE214673F300EA9A19 /* SuperPlayerFastView.h */ = {isa = PBXFileReference; fileEncoding = 4; lastKnownFileType = sourcecode.c.h; path = SuperPlayerFastView.h; sourceTree = "<group>"; };
		91A1D5CF214673F300EA9A19 /* SuperPlayerFastView.m */ = {isa = PBXFileReference; fileEncoding = 4; lastKnownFileType = sourcecode.c.objc; path = SuperPlayerFastView.m; sourceTree = "<group>"; };
		91A1D5D0214673F300EA9A19 /* SuperPlayerView+Private.h */ = {isa = PBXFileReference; fileEncoding = 4; lastKnownFileType = sourcecode.c.h; path = "SuperPlayerView+Private.h"; sourceTree = "<group>"; };
		91A1D5D2214673F300EA9A19 /* SuperPlayerModel.m */ = {isa = PBXFileReference; fileEncoding = 4; lastKnownFileType = sourcecode.c.objc; path = SuperPlayerModel.m; sourceTree = "<group>"; };
		91A1D5D3214673F300EA9A19 /* SuperPlayerView.h */ = {isa = PBXFileReference; fileEncoding = 4; lastKnownFileType = sourcecode.c.h; path = SuperPlayerView.h; sourceTree = "<group>"; };
		91A1D5D5214673F300EA9A19 /* DataReport.h */ = {isa = PBXFileReference; fileEncoding = 4; lastKnownFileType = sourcecode.c.h; path = DataReport.h; sourceTree = "<group>"; };
		91A1D5D6214673F300EA9A19 /* DataReport.m */ = {isa = PBXFileReference; fileEncoding = 4; lastKnownFileType = sourcecode.c.objc; path = DataReport.m; sourceTree = "<group>"; };
		91A1D5D7214673F300EA9A19 /* J2Obj.h */ = {isa = PBXFileReference; fileEncoding = 4; lastKnownFileType = sourcecode.c.h; path = J2Obj.h; sourceTree = "<group>"; };
		91A1D5D8214673F300EA9A19 /* J2Obj.m */ = {isa = PBXFileReference; fileEncoding = 4; lastKnownFileType = sourcecode.c.objc; path = J2Obj.m; sourceTree = "<group>"; };
		91A1D5D9214673F300EA9A19 /* NetWatcher.h */ = {isa = PBXFileReference; fileEncoding = 4; lastKnownFileType = sourcecode.c.h; path = NetWatcher.h; sourceTree = "<group>"; };
		91A1D5DA214673F300EA9A19 /* NetWatcher.m */ = {isa = PBXFileReference; fileEncoding = 4; lastKnownFileType = sourcecode.c.objc; path = NetWatcher.m; sourceTree = "<group>"; };
		91A1D5E5214673F300EA9A19 /* UIView+MMLayout.h */ = {isa = PBXFileReference; fileEncoding = 4; lastKnownFileType = sourcecode.c.h; path = "UIView+MMLayout.h"; sourceTree = "<group>"; };
		91A1D5E6214673F300EA9A19 /* UIView+MMLayout.m */ = {isa = PBXFileReference; fileEncoding = 4; lastKnownFileType = sourcecode.c.objc; path = "UIView+MMLayout.m"; sourceTree = "<group>"; };
		91A1D5E9214673F400EA9A19 /* SuperPlayerControlViewDelegate.h */ = {isa = PBXFileReference; fileEncoding = 4; lastKnownFileType = sourcecode.c.h; path = SuperPlayerControlViewDelegate.h; sourceTree = "<group>"; };
		91A1D5EB214673F400EA9A19 /* SuperPlayerView.m */ = {isa = PBXFileReference; fileEncoding = 4; lastKnownFileType = sourcecode.c.objc; path = SuperPlayerView.m; sourceTree = "<group>"; };
		91A1D6362147703B00EA9A19 /* libSuperPlayer.a */ = {isa = PBXFileReference; explicitFileType = archive.ar; includeInIndex = 0; path = libSuperPlayer.a; sourceTree = BUILT_PRODUCTS_DIR; };
		91A1D6482147749100EA9A19 /* SuperPlayer.h */ = {isa = PBXFileReference; fileEncoding = 4; lastKnownFileType = sourcecode.c.h; path = SuperPlayer.h; sourceTree = "<group>"; };
		ED470D5828C1C0FD000C2BB8 /* UILabel+Size.h */ = {isa = PBXFileReference; fileEncoding = 4; lastKnownFileType = sourcecode.c.h; path = "UILabel+Size.h"; sourceTree = "<group>"; };
		ED470D5928C1C0FD000C2BB8 /* UILabel+Size.m */ = {isa = PBXFileReference; fileEncoding = 4; lastKnownFileType = sourcecode.c.objc; path = "UILabel+Size.m"; sourceTree = "<group>"; };
		ED470D5A28C1C0FD000C2BB8 /* SuperPlayerReachability.h */ = {isa = PBXFileReference; fileEncoding = 4; lastKnownFileType = sourcecode.c.h; path = SuperPlayerReachability.h; sourceTree = "<group>"; };
		ED470D5B28C1C0FD000C2BB8 /* SuperPlayerReachability.m */ = {isa = PBXFileReference; fileEncoding = 4; lastKnownFileType = sourcecode.c.objc; path = SuperPlayerReachability.m; sourceTree = "<group>"; };
		F222F66F23F29F3D002D52B7 /* SPSubStreamInfo.h */ = {isa = PBXFileReference; lastKnownFileType = sourcecode.c.h; path = SPSubStreamInfo.h; sourceTree = "<group>"; };
		F222F67023F29F3D002D52B7 /* SPSubStreamInfo.m */ = {isa = PBXFileReference; lastKnownFileType = sourcecode.c.objc; path = SPSubStreamInfo.m; sourceTree = "<group>"; };
		F296BE7323F4260300E595B1 /* SuperPlayerModelInternal.h */ = {isa = PBXFileReference; lastKnownFileType = sourcecode.c.h; path = SuperPlayerModelInternal.h; sourceTree = "<group>"; };
/* End PBXFileReference section */

/* Begin PBXFrameworksBuildPhase section */
		91A1D6332147703B00EA9A19 /* Frameworks */ = {
			isa = PBXFrameworksBuildPhase;
			buildActionMask = 2147483647;
			files = (
			);
			runOnlyForDeploymentPostprocessing = 0;
		};
/* End PBXFrameworksBuildPhase section */

/* Begin PBXGroup section */
		45D5D64323B4A9AC00767C58 /* Model */ = {
			isa = PBXGroup;
			children = (
				45D5D64723B4A9AC00767C58 /* AdaptiveStream.h */,
				45D5D64E23B4A9AC00767C58 /* AdaptiveStream.m */,
				45D5D64423B4A9AC00767C58 /* SPPlayCGIParseResult.h */,
				45D5D64A23B4A9AC00767C58 /* SPPlayCGIParseResult.m */,
				45D5D64D23B4A9AC00767C58 /* SPVideoFrameDescription.h */,
				45D5D64823B4A9AC00767C58 /* SPVideoFrameDescription.m */,
				45D5D64623B4A9AC00767C58 /* SuperPlayerSprite.h */,
				45D5D64B23B4A9AC00767C58 /* SuperPlayerSprite.m */,
				45D5D64F23B4A9AC00767C58 /* SuperPlayerUrl.h */,
				45D5D64923B4A9AC00767C58 /* SuperPlayerUrl.m */,
				F222F66F23F29F3D002D52B7 /* SPSubStreamInfo.h */,
				F222F67023F29F3D002D52B7 /* SPSubStreamInfo.m */,
			);
			path = Model;
			sourceTree = "<group>";
		};
		45E7523823B3879D00C22B31 /* PlayCGI */ = {
			isa = PBXGroup;
			children = (
				45E7526323B39BD000C22B31 /* SPPlayCGIParser_V2.h */,
				45E7526223B39BD000C22B31 /* SPPlayCGIParser_V2.m */,
				45E7525F23B39B8300C22B31 /* SPPlayCGIParser_V4.h */,
				45E7526023B39B8300C22B31 /* SPPlayCGIParser_V4.m */,
				45E7525E23B39B6900C22B31 /* SPPlayCGIParserProtocol.h */,
				45D5D66923B4C98800767C58 /* SPPlayCGIParser.h */,
				45D5D66A23B4C98800767C58 /* SPPlayCGIParser.m */,
			);
			path = PlayCGI;
			sourceTree = "<group>";
		};
		917AB0F721ED838400D6B041 /* Skins */ = {
			isa = PBXGroup;
			children = (
				917AB0F821ED838400D6B041 /* SPDefaultControlView.h */,
				917AB0F921ED838400D6B041 /* SPDefaultControlView.m */,
				917AB0FA21ED838400D6B041 /* SPWeiboControlView.h */,
				917AB0FB21ED838400D6B041 /* SPWeiboControlView.m */,
			);
			path = Skins;
			sourceTree = "<group>";
		};
		91A1D5A32146719900EA9A19 = {
			isa = PBXGroup;
			children = (
				91A1D5AF2146719900EA9A19 /* SuperPlayer */,
				91A1D5AE2146719900EA9A19 /* Products */,
				91A1D619214697D000EA9A19 /* Frameworks */,
			);
			sourceTree = "<group>";
		};
		91A1D5AE2146719900EA9A19 /* Products */ = {
			isa = PBXGroup;
			children = (
				91A1D6362147703B00EA9A19 /* libSuperPlayer.a */,
			);
			name = Products;
			sourceTree = "<group>";
		};
		91A1D5AF2146719900EA9A19 /* SuperPlayer */ = {
			isa = PBXGroup;
			children = (
				45C5CC352429F0B800E24052 /* SuperPlayerHelpers.h */,
				45D5D64323B4A9AC00767C58 /* Model */,
				45E7523823B3879D00C22B31 /* PlayCGI */,
				917AB0F721ED838400D6B041 /* Skins */,
				917AB0EA21ED833300D6B041 /* SuperPlayerControlView.h */,
				917AB0E921ED833300D6B041 /* SuperPlayerControlView.m */,
				917AB0E821ED833200D6B041 /* SuperPlayerViewConfig.h */,
				917AB0EB21ED833300D6B041 /* SuperPlayerViewConfig.m */,
				91A1D6482147749100EA9A19 /* SuperPlayer.h */,
				91A1D5E2214673F300EA9A19 /* Category */,
				91A1D5E9214673F400EA9A19 /* SuperPlayerControlViewDelegate.h */,
				91A1D5C4214673F300EA9A19 /* SuperPlayerModel.h */,
				91A1D5D2214673F300EA9A19 /* SuperPlayerModel.m */,
				91A1D5D3214673F300EA9A19 /* SuperPlayerView.h */,
				91A1D5EB214673F400EA9A19 /* SuperPlayerView.m */,
				91A1D5C2214673F200EA9A19 /* SuperPlayerWindow.h */,
				91A1D5C1214673F200EA9A19 /* SuperPlayerWindow.m */,
				91A1D5D4214673F300EA9A19 /* Utils */,
				91A1D5C5214673F300EA9A19 /* Views */,
				91A1D5B12146719900EA9A19 /* Info.plist */,
				F296BE7323F4260300E595B1 /* SuperPlayerModelInternal.h */,
			);
			path = SuperPlayer;
			sourceTree = "<group>";
		};
		91A1D5C5214673F300EA9A19 /* Views */ = {
			isa = PBXGroup;
			children = (
				91A1D5C6214673F300EA9A19 /* MMMaterialDesignSpinner.h */,
				91A1D5C7214673F300EA9A19 /* MMMaterialDesignSpinner.m */,
				91A1D5C8214673F300EA9A19 /* SuperPlayerSettingsView.h */,
				91A1D5C9214673F300EA9A19 /* SuperPlayerSettingsView.m */,
				91A1D5CA214673F300EA9A19 /* PlayerSlider.h */,
				91A1D5CB214673F300EA9A19 /* PlayerSlider.m */,
				91A1D5CE214673F300EA9A19 /* SuperPlayerFastView.h */,
				91A1D5CF214673F300EA9A19 /* SuperPlayerFastView.m */,
				91A1D5D0214673F300EA9A19 /* SuperPlayerView+Private.h */,
			);
			path = Views;
			sourceTree = "<group>";
		};
		91A1D5D4214673F300EA9A19 /* Utils */ = {
			isa = PBXGroup;
			children = (
				ED470D5A28C1C0FD000C2BB8 /* SuperPlayerReachability.h */,
				ED470D5B28C1C0FD000C2BB8 /* SuperPlayerReachability.m */,
				ED470D5828C1C0FD000C2BB8 /* UILabel+Size.h */,
				ED470D5928C1C0FD000C2BB8 /* UILabel+Size.m */,
				917AB0EF21ED836D00D6B041 /* StrUtils.h */,
				917AB0F021ED836D00D6B041 /* StrUtils.m */,
				917AB0EE21ED836C00D6B041 /* TXBitrateItemHelper.h */,
				917AB0F121ED836D00D6B041 /* TXBitrateItemHelper.m */,
				917AB0F221ED836D00D6B041 /* UIView+Fade.h */,
				917AB0F321ED836D00D6B041 /* UIView+Fade.m */,
				91A1D5D5214673F300EA9A19 /* DataReport.h */,
				91A1D5D6214673F300EA9A19 /* DataReport.m */,
				91A1D5D7214673F300EA9A19 /* J2Obj.h */,
				91A1D5D8214673F300EA9A19 /* J2Obj.m */,
				91A1D5D9214673F300EA9A19 /* NetWatcher.h */,
				91A1D5DA214673F300EA9A19 /* NetWatcher.m */,
				9165F736214FCC9300F5BB88 /* TXCUrl.h */,
				9165F737214FCC9300F5BB88 /* TXCUrl.m */,
			);
			path = Utils;
			sourceTree = "<group>";
		};
		91A1D5E2214673F300EA9A19 /* Category */ = {
			isa = PBXGroup;
			children = (
				919D18F121533DAB00947BF5 /* UINavigationController+SuperPlayerRotation.h */,
				919D18F221533DAB00947BF5 /* UINavigationController+SuperPlayerRotation.m */,
				919D18F321533DAB00947BF5 /* UIViewController+SuperPlayerRotation.h */,
				919D18F421533DAB00947BF5 /* UIViewController+SuperPlayerRotation.m */,
				91A1D5E5214673F300EA9A19 /* UIView+MMLayout.h */,
				91A1D5E6214673F300EA9A19 /* UIView+MMLayout.m */,
			);
			path = Category;
			sourceTree = "<group>";
		};
		91A1D619214697D000EA9A19 /* Frameworks */ = {
			isa = PBXGroup;
			children = (
			);
			name = Frameworks;
			sourceTree = "<group>";
		};
/* End PBXGroup section */

/* Begin PBXNativeTarget section */
		91A1D6352147703B00EA9A19 /* SuperPlayer */ = {
			isa = PBXNativeTarget;
			buildConfigurationList = 91A1D63C2147703B00EA9A19 /* Build configuration list for PBXNativeTarget "SuperPlayer" */;
			buildPhases = (
				91A1D6322147703B00EA9A19 /* Sources */,
				91A1D6332147703B00EA9A19 /* Frameworks */,
				91A1D6342147703B00EA9A19 /* CopyFiles */,
			);
			buildRules = (
			);
			dependencies = (
			);
			name = SuperPlayer;
			productName = SuperPlayer;
			productReference = 91A1D6362147703B00EA9A19 /* libSuperPlayer.a */;
			productType = "com.apple.product-type.library.static";
		};
/* End PBXNativeTarget section */

/* Begin PBXProject section */
		91A1D5A42146719900EA9A19 /* Project object */ = {
			isa = PBXProject;
			attributes = {
				LastUpgradeCheck = 0940;
				ORGANIZATIONNAME = annidy;
				TargetAttributes = {
					91A1D6352147703B00EA9A19 = {
						CreatedOnToolsVersion = 9.4.1;
					};
				};
			};
			buildConfigurationList = 91A1D5A72146719900EA9A19 /* Build configuration list for PBXProject "SuperPlayer" */;
			compatibilityVersion = "Xcode 9.3";
			developmentRegion = en;
			hasScannedForEncodings = 0;
			knownRegions = (
				en,
			);
			mainGroup = 91A1D5A32146719900EA9A19;
			productRefGroup = 91A1D5AE2146719900EA9A19 /* Products */;
			projectDirPath = "";
			projectRoot = "";
			targets = (
				91A1D6352147703B00EA9A19 /* SuperPlayer */,
			);
		};
/* End PBXProject section */

/* Begin PBXSourcesBuildPhase section */
		91A1D6322147703B00EA9A19 /* Sources */ = {
			isa = PBXSourcesBuildPhase;
			buildActionMask = 2147483647;
			files = (
				45D5D65223B4A9AC00767C58 /* SuperPlayerUrl.m in Sources */,
				ED470D5D28C1C0FD000C2BB8 /* SuperPlayerReachability.m in Sources */,
				919D18F621533DAC00947BF5 /* UIViewController+SuperPlayerRotation.m in Sources */,
				45D5D65323B4A9AC00767C58 /* SPPlayCGIParseResult.m in Sources */,
				917AB0FD21ED838400D6B041 /* SPWeiboControlView.m in Sources */,
				917AB0FC21ED838400D6B041 /* SPDefaultControlView.m in Sources */,
				917AB0EC21ED833300D6B041 /* SuperPlayerControlView.m in Sources */,
				F222F67123F29F3D002D52B7 /* SPSubStreamInfo.m in Sources */,
				ED470D5C28C1C0FD000C2BB8 /* UILabel+Size.m in Sources */,
				45D5D65523B4A9AC00767C58 /* AdaptiveStream.m in Sources */,
				917AB0F421ED836D00D6B041 /* StrUtils.m in Sources */,
				91A1D65E2147769500EA9A19 /* SuperPlayerFastView.m in Sources */,
				91A1D6542147765400EA9A19 /* SuperPlayerModel.m in Sources */,
				91A1D6552147765400EA9A19 /* SuperPlayerView.m in Sources */,
				91A1D6592147768C00EA9A19 /* NetWatcher.m in Sources */,
				91A1D64E2147763B00EA9A19 /* UIView+MMLayout.m in Sources */,
				91A1D6562147765400EA9A19 /* SuperPlayerWindow.m in Sources */,
				917AB0F621ED836D00D6B041 /* UIView+Fade.m in Sources */,
				919D18F521533DAC00947BF5 /* UINavigationController+SuperPlayerRotation.m in Sources */,
				917AB0F521ED836D00D6B041 /* TXBitrateItemHelper.m in Sources */,
				91A1D65C2147769500EA9A19 /* PlayerSlider.m in Sources */,
				91A1D65B2147769500EA9A19 /* SuperPlayerSettingsView.m in Sources */,
				91A1D65A2147769500EA9A19 /* MMMaterialDesignSpinner.m in Sources */,
				91A1D6582147768C00EA9A19 /* J2Obj.m in Sources */,
				45D5D66B23B4C98800767C58 /* SPPlayCGIParser.m in Sources */,
				9165F738214FCC9300F5BB88 /* TXCUrl.m in Sources */,
				45E7526123B39B8300C22B31 /* SPPlayCGIParser_V4.m in Sources */,
				91A1D6572147768C00EA9A19 /* DataReport.m in Sources */,
				45E7526423B39BD100C22B31 /* SPPlayCGIParser_V2.m in Sources */,
				45D5D65423B4A9AC00767C58 /* SuperPlayerSprite.m in Sources */,
				45D5D65123B4A9AC00767C58 /* SPVideoFrameDescription.m in Sources */,
				917AB0ED21ED833300D6B041 /* SuperPlayerViewConfig.m in Sources */,
			);
			runOnlyForDeploymentPostprocessing = 0;
		};
/* End PBXSourcesBuildPhase section */

/* Begin XCBuildConfiguration section */
		91A1D5B32146719900EA9A19 /* Debug */ = {
			isa = XCBuildConfiguration;
			buildSettings = {
				ALWAYS_SEARCH_USER_PATHS = NO;
				CLANG_ANALYZER_NONNULL = YES;
				CLANG_ANALYZER_NUMBER_OBJECT_CONVERSION = YES_AGGRESSIVE;
				CLANG_CXX_LANGUAGE_STANDARD = "gnu++14";
				CLANG_CXX_LIBRARY = "libc++";
				CLANG_ENABLE_MODULES = YES;
				CLANG_ENABLE_OBJC_ARC = YES;
				CLANG_ENABLE_OBJC_WEAK = YES;
				CLANG_WARN_BLOCK_CAPTURE_AUTORELEASING = YES;
				CLANG_WARN_BOOL_CONVERSION = YES;
				CLANG_WARN_COMMA = YES;
				CLANG_WARN_CONSTANT_CONVERSION = YES;
				CLANG_WARN_DEPRECATED_OBJC_IMPLEMENTATIONS = YES;
				CLANG_WARN_DIRECT_OBJC_ISA_USAGE = YES_ERROR;
				CLANG_WARN_DOCUMENTATION_COMMENTS = YES;
				CLANG_WARN_EMPTY_BODY = YES;
				CLANG_WARN_ENUM_CONVERSION = YES;
				CLANG_WARN_INFINITE_RECURSION = YES;
				CLANG_WARN_INT_CONVERSION = YES;
				CLANG_WARN_NON_LITERAL_NULL_CONVERSION = YES;
				CLANG_WARN_OBJC_IMPLICIT_RETAIN_SELF = YES;
				CLANG_WARN_OBJC_LITERAL_CONVERSION = YES;
				CLANG_WARN_OBJC_ROOT_CLASS = YES_ERROR;
				CLANG_WARN_RANGE_LOOP_ANALYSIS = YES;
				CLANG_WARN_STRICT_PROTOTYPES = YES;
				CLANG_WARN_SUSPICIOUS_MOVE = YES;
				CLANG_WARN_UNGUARDED_AVAILABILITY = YES_AGGRESSIVE;
				CLANG_WARN_UNREACHABLE_CODE = YES;
				CLANG_WARN__DUPLICATE_METHOD_MATCH = YES;
				CODE_SIGN_IDENTITY = "iPhone Developer";
				COPY_PHASE_STRIP = NO;
				CURRENT_PROJECT_VERSION = 1;
				DEBUG_INFORMATION_FORMAT = dwarf;
				ENABLE_BITCODE = NO;
				ENABLE_STRICT_OBJC_MSGSEND = YES;
				ENABLE_TESTABILITY = YES;
				GCC_C_LANGUAGE_STANDARD = gnu11;
				GCC_DYNAMIC_NO_PIC = NO;
				GCC_NO_COMMON_BLOCKS = YES;
				GCC_OPTIMIZATION_LEVEL = 0;
				GCC_PREPROCESSOR_DEFINITIONS = (
					"DEBUG=1",
					"$(inherited)",
				);
				GCC_WARN_64_TO_32_BIT_CONVERSION = YES;
				GCC_WARN_ABOUT_RETURN_TYPE = YES_ERROR;
				GCC_WARN_UNDECLARED_SELECTOR = YES;
				GCC_WARN_UNINITIALIZED_AUTOS = YES_AGGRESSIVE;
				GCC_WARN_UNUSED_FUNCTION = YES;
				GCC_WARN_UNUSED_VARIABLE = YES;
				IPHONEOS_DEPLOYMENT_TARGET = 11.4;
				MTL_ENABLE_DEBUG_INFO = YES;
				ONLY_ACTIVE_ARCH = YES;
				SDKROOT = iphoneos;
				VERSIONING_SYSTEM = "apple-generic";
				VERSION_INFO_PREFIX = "";
			};
			name = Debug;
		};
		91A1D5B42146719900EA9A19 /* Release */ = {
			isa = XCBuildConfiguration;
			buildSettings = {
				ALWAYS_SEARCH_USER_PATHS = NO;
				CLANG_ANALYZER_NONNULL = YES;
				CLANG_ANALYZER_NUMBER_OBJECT_CONVERSION = YES_AGGRESSIVE;
				CLANG_CXX_LANGUAGE_STANDARD = "gnu++14";
				CLANG_CXX_LIBRARY = "libc++";
				CLANG_ENABLE_MODULES = YES;
				CLANG_ENABLE_OBJC_ARC = YES;
				CLANG_ENABLE_OBJC_WEAK = YES;
				CLANG_WARN_BLOCK_CAPTURE_AUTORELEASING = YES;
				CLANG_WARN_BOOL_CONVERSION = YES;
				CLANG_WARN_COMMA = YES;
				CLANG_WARN_CONSTANT_CONVERSION = YES;
				CLANG_WARN_DEPRECATED_OBJC_IMPLEMENTATIONS = YES;
				CLANG_WARN_DIRECT_OBJC_ISA_USAGE = YES_ERROR;
				CLANG_WARN_DOCUMENTATION_COMMENTS = YES;
				CLANG_WARN_EMPTY_BODY = YES;
				CLANG_WARN_ENUM_CONVERSION = YES;
				CLANG_WARN_INFINITE_RECURSION = YES;
				CLANG_WARN_INT_CONVERSION = YES;
				CLANG_WARN_NON_LITERAL_NULL_CONVERSION = YES;
				CLANG_WARN_OBJC_IMPLICIT_RETAIN_SELF = YES;
				CLANG_WARN_OBJC_LITERAL_CONVERSION = YES;
				CLANG_WARN_OBJC_ROOT_CLASS = YES_ERROR;
				CLANG_WARN_RANGE_LOOP_ANALYSIS = YES;
				CLANG_WARN_STRICT_PROTOTYPES = YES;
				CLANG_WARN_SUSPICIOUS_MOVE = YES;
				CLANG_WARN_UNGUARDED_AVAILABILITY = YES_AGGRESSIVE;
				CLANG_WARN_UNREACHABLE_CODE = YES;
				CLANG_WARN__DUPLICATE_METHOD_MATCH = YES;
				CODE_SIGN_IDENTITY = "iPhone Developer";
				COPY_PHASE_STRIP = NO;
				CURRENT_PROJECT_VERSION = 1;
				DEBUG_INFORMATION_FORMAT = "dwarf-with-dsym";
				ENABLE_BITCODE = NO;
				ENABLE_NS_ASSERTIONS = NO;
				ENABLE_STRICT_OBJC_MSGSEND = YES;
				GCC_C_LANGUAGE_STANDARD = gnu11;
				GCC_NO_COMMON_BLOCKS = YES;
				GCC_WARN_64_TO_32_BIT_CONVERSION = YES;
				GCC_WARN_ABOUT_RETURN_TYPE = YES_ERROR;
				GCC_WARN_UNDECLARED_SELECTOR = YES;
				GCC_WARN_UNINITIALIZED_AUTOS = YES_AGGRESSIVE;
				GCC_WARN_UNUSED_FUNCTION = YES;
				GCC_WARN_UNUSED_VARIABLE = YES;
				IPHONEOS_DEPLOYMENT_TARGET = 11.4;
				MTL_ENABLE_DEBUG_INFO = NO;
				SDKROOT = iphoneos;
				VALIDATE_PRODUCT = YES;
				VERSIONING_SYSTEM = "apple-generic";
				VERSION_INFO_PREFIX = "";
			};
			name = Release;
		};
		91A1D63D2147703B00EA9A19 /* Debug */ = {
			isa = XCBuildConfiguration;
			buildSettings = {
				CODE_SIGN_STYLE = Automatic;
				DEVELOPMENT_TEAM = QE8PS7F45A;
				ENABLE_BITCODE = YES;
				FRAMEWORK_SEARCH_PATHS = "$(SRCROOT)/../../../SDK";
				HEADER_SEARCH_PATHS = (
					"$(inherited)",
					"${SRCROOT}/../../TXLiteAVDemo/Third/Masonry",
					"${SRCROOT}/../../TXLiteAVDemo/Third/AFNetworking",
					"${SRCROOT}/../../TXLiteAVDemo/Third/SDWebImage",
					"${SRCROOT}/../../TXLiteAVDemo/Common/Third/CFDanmaku",
					"$(SRCROOT)/../../../SDK/TXLiteAVSDK_Enterprise.framework/Headers",
				);
				IPHONEOS_DEPLOYMENT_TARGET = 8.0;
				ONLY_ACTIVE_ARCH = NO;
				OTHER_CFLAGS = "-fembed-bitcode";
				OTHER_LDFLAGS = "-ObjC";
				PRODUCT_NAME = "$(TARGET_NAME)";
				SKIP_INSTALL = YES;
				TARGETED_DEVICE_FAMILY = "1,2";
			};
			name = Debug;
		};
		91A1D63E2147703B00EA9A19 /* Release */ = {
			isa = XCBuildConfiguration;
			buildSettings = {
				CODE_SIGN_STYLE = Automatic;
				DEVELOPMENT_TEAM = QE8PS7F45A;
				ENABLE_BITCODE = YES;
				FRAMEWORK_SEARCH_PATHS = "$(SRCROOT)/../../../SDK";
				HEADER_SEARCH_PATHS = (
					"$(inherited)",
					"${SRCROOT}/../../TXLiteAVDemo/Third/Masonry",
					"${SRCROOT}/../../TXLiteAVDemo/Third/AFNetworking",
					"${SRCROOT}/../../TXLiteAVDemo/Third/SDWebImage",
					"${SRCROOT}/../../TXLiteAVDemo/Common/Third/CFDanmaku",
					"$(SRCROOT)/../../../SDK/TXLiteAVSDK_Enterprise.framework/Headers",
				);
				IPHONEOS_DEPLOYMENT_TARGET = 8.0;
				OTHER_CFLAGS = "-fembed-bitcode";
				OTHER_LDFLAGS = "-ObjC";
				PRODUCT_NAME = "$(TARGET_NAME)";
				SKIP_INSTALL = YES;
				TARGETED_DEVICE_FAMILY = "1,2";
			};
			name = Release;
		};
/* End XCBuildConfiguration section */

/* Begin XCConfigurationList section */
		91A1D5A72146719900EA9A19 /* Build configuration list for PBXProject "SuperPlayer" */ = {
			isa = XCConfigurationList;
			buildConfigurations = (
				91A1D5B32146719900EA9A19 /* Debug */,
				91A1D5B42146719900EA9A19 /* Release */,
			);
			defaultConfigurationIsVisible = 0;
			defaultConfigurationName = Release;
		};
		91A1D63C2147703B00EA9A19 /* Build configuration list for PBXNativeTarget "SuperPlayer" */ = {
			isa = XCConfigurationList;
			buildConfigurations = (
				91A1D63D2147703B00EA9A19 /* Debug */,
				91A1D63E2147703B00EA9A19 /* Release */,
			);
			defaultConfigurationIsVisible = 0;
			defaultConfigurationName = Release;
		};
/* End XCConfigurationList section */
	};
	rootObject = 91A1D5A42146719900EA9A19 /* Project object */;
}
