// !$*UTF8*$!
{
	archiveVersion = 1;
	classes = {
	};
	objectVersion = 46;
	objects = {

/* Begin PBXBuildFile section */
		400922AE1F4FCC6E009B882D /* UIButton+Glossy.m in Sources */ = {isa = PBXBuildFile; fileRef = 40F8534B1EE8FCDF00EE47D7 /* UIButton+Glossy.m */; };
		400922B31F4FCC6E009B882D /* ScanQRController.mm in Sources */ = {isa = PBXBuildFile; fileRef = 40F853561EE8FCDF00EE47D7 /* ScanQRController.mm */; };
		400922B71F4FCC6E009B882D /* AppDelegate.m in Sources */ = {isa = PBXBuildFile; fileRef = 40F853261EE8FC8400EE47D7 /* AppDelegate.m */; };
		400922BD1F4FCC6E009B882D /* UIView+Additions.m in Sources */ = {isa = PBXBuildFile; fileRef = 40F8534F1EE8FCDF00EE47D7 /* UIView+Additions.m */; };
		400922BE1F4FCC6E009B882D /* AppLogMgr.m in Sources */ = {isa = PBXBuildFile; fileRef = 40F853281EE8FC8400EE47D7 /* AppLogMgr.m */; };
		400922C11F4FCC6E009B882D /* MainTableViewCell.m in Sources */ = {isa = PBXBuildFile; fileRef = 40F8532A1EE8FC8400EE47D7 /* MainTableViewCell.m */; };
		400922C21F4FCC6E009B882D /* NSString+Common.m in Sources */ = {isa = PBXBuildFile; fileRef = 40F853471EE8FCDF00EE47D7 /* NSString+Common.m */; };
		400922C71F4FCC6E009B882D /* MainViewController.m in Sources */ = {isa = PBXBuildFile; fileRef = 40F8532C1EE8FC8400EE47D7 /* MainViewController.m */; };
		400922CB1F4FCC6E009B882D /* UIButton+Additions.m in Sources */ = {isa = PBXBuildFile; fileRef = 40F853491EE8FCDF00EE47D7 /* UIButton+Additions.m */; };
		400922CE1F4FCC6E009B882D /* UIView+CustomAutoLayout.m in Sources */ = {isa = PBXBuildFile; fileRef = 40F853511EE8FCDF00EE47D7 /* UIView+CustomAutoLayout.m */; };
		400922D21F4FCC6E009B882D /* NSObject+CommonBlock.m in Sources */ = {isa = PBXBuildFile; fileRef = 40F853451EE8FCDF00EE47D7 /* NSObject+CommonBlock.m */; };
		400922DA1F4FCC6E009B882D /* NSData+Common.m in Sources */ = {isa = PBXBuildFile; fileRef = 40F853431EE8FCDF00EE47D7 /* NSData+Common.m */; };
		400922DB1F4FCC6E009B882D /* UIImage+Additions.m in Sources */ = {isa = PBXBuildFile; fileRef = 40F8534D1EE8FCDF00EE47D7 /* UIImage+Additions.m */; };
		400922E11F4FCC6E009B882D /* Foundation.framework in Frameworks */ = {isa = PBXBuildFile; fileRef = 40407ACA1F3035CA006C7301 /* Foundation.framework */; };
		400922E21F4FCC6E009B882D /* AVFoundation.framework in Frameworks */ = {isa = PBXBuildFile; fileRef = 40F8553C1EE8FDC500EE47D7 /* AVFoundation.framework */; };
		400922E31F4FCC6E009B882D /* MediaPlayer.framework in Frameworks */ = {isa = PBXBuildFile; fileRef = 51A4AD391F1F8AE300B4A806 /* MediaPlayer.framework */; };
		400922E51F4FCC6E009B882D /* libiconv.tbd in Frameworks */ = {isa = PBXBuildFile; fileRef = 40F8554E1EE8FE0100EE47D7 /* libiconv.tbd */; };
		400922E61F4FCC6E009B882D /* libz.tbd in Frameworks */ = {isa = PBXBuildFile; fileRef = 40F8554C1EE8FDFC00EE47D7 /* libz.tbd */; };
		400922E71F4FCC6E009B882D /* libc++.tbd in Frameworks */ = {isa = PBXBuildFile; fileRef = CE45D2971F15C527003506D1 /* libc++.tbd */; };
		400922E91F4FCC6E009B882D /* libresolv.tbd in Frameworks */ = {isa = PBXBuildFile; fileRef = 40F855481EE8FDF100EE47D7 /* libresolv.tbd */; };
		400922EA1F4FCC6E009B882D /* SystemConfiguration.framework in Frameworks */ = {isa = PBXBuildFile; fileRef = 40F855461EE8FDE800EE47D7 /* SystemConfiguration.framework */; };
		400922EB1F4FCC6E009B882D /* CoreTelephony.framework in Frameworks */ = {isa = PBXBuildFile; fileRef = 40F855441EE8FDE100EE47D7 /* CoreTelephony.framework */; };
		400922EC1F4FCC6E009B882D /* VideoToolbox.framework in Frameworks */ = {isa = PBXBuildFile; fileRef = 40F855421EE8FDDA00EE47D7 /* VideoToolbox.framework */; };
		400922EE1F4FCC6E009B882D /* CoreMedia.framework in Frameworks */ = {isa = PBXBuildFile; fileRef = 40F855401EE8FDD300EE47D7 /* CoreMedia.framework */; };
		400922EF1F4FCC6E009B882D /* CoreGraphics.framework in Frameworks */ = {isa = PBXBuildFile; fileRef = 40F8553E1EE8FDCC00EE47D7 /* CoreGraphics.framework */; };
		400922F01F4FCC6E009B882D /* Accelerate.framework in Frameworks */ = {isa = PBXBuildFile; fileRef = 40F8553A1EE8FDBF00EE47D7 /* Accelerate.framework */; };
		400922F11F4FCC6E009B882D /* Security.framework in Frameworks */ = {isa = PBXBuildFile; fileRef = 40F855381EE8FDB600EE47D7 /* Security.framework */; };
		400922F21F4FCC6E009B882D /* AssetsLibrary.framework in Frameworks */ = {isa = PBXBuildFile; fileRef = 40F855361EE8FDAD00EE47D7 /* AssetsLibrary.framework */; };
		4009235A1F4FCC6E009B882D /* LaunchScreen.storyboard in Resources */ = {isa = PBXBuildFile; fileRef = 40F853311EE8FC9B00EE47D7 /* LaunchScreen.storyboard */; };
		400923631F4FCC6E009B882D /* Assets.xcassets in Resources */ = {isa = PBXBuildFile; fileRef = 40F853221EE8FC7300EE47D7 /* Assets.xcassets */; };
		4009238F1F4FCC6E009B882D /* Main.storyboard in Resources */ = {isa = PBXBuildFile; fileRef = 40F853331EE8FC9B00EE47D7 /* Main.storyboard */; };
		402A010424506F740037A219 /* main.m in Sources */ = {isa = PBXBuildFile; fileRef = 402A010024506F740037A219 /* main.m */; };
		4053392724654D2700A6B478 /* TCHttpUtil.m in Sources */ = {isa = PBXBuildFile; fileRef = 4053392524654D2700A6B478 /* TCHttpUtil.m */; };
		4071CF5B24441578000B7707 /* TXLiteAVSDK_Player.framework in Frameworks */ = {isa = PBXBuildFile; fileRef = 4071CF5924441578000B7707 /* TXLiteAVSDK_Player.framework */; };
		40A7CFF02461102E00E792A5 /* SuperPlayer.bundle in Resources */ = {isa = PBXBuildFile; fileRef = 40A7CFED2461102E00E792A5 /* SuperPlayer.bundle */; };
		40E1F4402468F72A00F3D350 /* UIColor+MLPFlatColors.m in Sources */ = {isa = PBXBuildFile; fileRef = 40B3FA002447056D000C37A3 /* UIColor+MLPFlatColors.m */; };
		40E1F4472468F74800F3D350 /* NSString+UISize.m in Sources */ = {isa = PBXBuildFile; fileRef = 457FD2F921C7530C00EEB03F /* NSString+UISize.m */; };
		40E1F44C2468F75000F3D350 /* NSDictionary+Common.m in Sources */ = {isa = PBXBuildFile; fileRef = 6A395A02234AEE9700AFBCE8 /* NSDictionary+Common.m */; };
		45D8449523B643A5001CD3A9 /* UGCUploadList.m in Sources */ = {isa = PBXBuildFile; fileRef = 45D8448C23B64395001CD3A9 /* UGCUploadList.m */; };
		6A03ED441FD13E0D00F2F063 /* UIViewController+BackButtonHandler.m in Sources */ = {isa = PBXBuildFile; fileRef = 6A03ED3F1FD13DFB00F2F063 /* UIViewController+BackButtonHandler.m */; };
		7B107D8F4C4B5BF9184EC193 /* libPods-TXLiteAVDemo_Player.a in Frameworks */ = {isa = PBXBuildFile; fileRef = 47258C0972C94E28C1B82D68 /* libPods-TXLiteAVDemo_Player.a */; };
		910E17A22080A27500178D86 /* TXMoviePlayerNetApi.m in Sources */ = {isa = PBXBuildFile; fileRef = 910E179E2080A27500178D86 /* TXMoviePlayerNetApi.m */; };
		910E17AB2080A38400178D86 /* TXMoviePlayInfoResponse.m in Sources */ = {isa = PBXBuildFile; fileRef = 910E17A72080A38400178D86 /* TXMoviePlayInfoResponse.m */; };
		912A62102160D78A00C16E41 /* CFDanmaku.m in Sources */ = {isa = PBXBuildFile; fileRef = 912A62072160D78A00C16E41 /* CFDanmaku.m */; };
		912A62222160D78A00C16E41 /* CFDanmakuInfo.m in Sources */ = {isa = PBXBuildFile; fileRef = 912A62092160D78A00C16E41 /* CFDanmakuInfo.m */; };
		912A62342160D78A00C16E41 /* CFDanmakuView.m in Sources */ = {isa = PBXBuildFile; fileRef = 912A620B2160D78A00C16E41 /* CFDanmakuView.m */; };
		91DB2F03212554B500013D74 /* SuperPlayerGuideView.m in Sources */ = {isa = PBXBuildFile; fileRef = 91DB2EFE212554B500013D74 /* SuperPlayerGuideView.m */; };
		91F87A811FF4A109001644B1 /* libsqlite3.tbd in Frameworks */ = {isa = PBXBuildFile; fileRef = 91F87A7E1FF4A0FC001644B1 /* libsqlite3.tbd */; };
		D6BEF7ED2040362B00CBE2BD /* danmakufile in Resources */ = {isa = PBXBuildFile; fileRef = D6BEF79D204035CB00CBE2BD /* danmakufile */; };
		D6BEF8222040368000CBE2BD /* ListVideoCell.m in Sources */ = {isa = PBXBuildFile; fileRef = D6BEF7242040353E00CBE2BD /* ListVideoCell.m */; };
		D6BEF8232040368000CBE2BD /* MoviePlayerViewController.m in Sources */ = {isa = PBXBuildFile; fileRef = D6BEF7262040353E00CBE2BD /* MoviePlayerViewController.m */; };
/* End PBXBuildFile section */

/* Begin PBXContainerItemProxy section */
		40A49D6424598CD700BFCB18 /* PBXContainerItemProxy */ = {
			isa = PBXContainerItemProxy;
			containerPortal = 40A49D5E24598CD200BFCB18 /* UGCKit.xcodeproj */;
			proxyType = 2;
			remoteGlobalIDString = 453DE2D6237945B10083E759;
			remoteInfo = UGCKit;
		};
		40A49D6624598CD700BFCB18 /* PBXContainerItemProxy */ = {
			isa = PBXContainerItemProxy;
			containerPortal = 40A49D5E24598CD200BFCB18 /* UGCKit.xcodeproj */;
			proxyType = 2;
			remoteGlobalIDString = 454616C223797C39009CDF83;
			remoteInfo = UGCKitResources;
		};
		40AA536424458EC800303EF7 /* PBXContainerItemProxy */ = {
			isa = PBXContainerItemProxy;
			containerPortal = 40AA533524458EC800303EF7 /* TCBeautyPanel.xcodeproj */;
			proxyType = 2;
			remoteGlobalIDString = 4579C38623AC64DC005ECC1C;
			remoteInfo = TCBeautyPanel;
		};
		40AA536624458EC800303EF7 /* PBXContainerItemProxy */ = {
			isa = PBXContainerItemProxy;
			containerPortal = 40AA533524458EC800303EF7 /* TCBeautyPanel.xcodeproj */;
			proxyType = 2;
			remoteGlobalIDString = 4579C3FA23AC660C005ECC1C;
			remoteInfo = TCBeautyPanelResources;
		};
		40B5C6822484BBE500D3A718 /* PBXContainerItemProxy */ = {
			isa = PBXContainerItemProxy;
			containerPortal = 401A9B3D247FCC7600C0763B /* AudioEffectSettingKit.xcodeproj */;
			proxyType = 2;
			remoteGlobalIDString = 40AF719A247D036200EBB371;
			remoteInfo = AudioEffectSettingKit;
		};
		40B5C6842484BBE500D3A718 /* PBXContainerItemProxy */ = {
			isa = PBXContainerItemProxy;
			containerPortal = 401A9B3D247FCC7600C0763B /* AudioEffectSettingKit.xcodeproj */;
			proxyType = 2;
			remoteGlobalIDString = 40AF71AA247D03E700EBB371;
			remoteInfo = AudioEffectSettingKitExample;
		};
		40B5C6862484BBE500D3A718 /* PBXContainerItemProxy */ = {
			isa = PBXContainerItemProxy;
			containerPortal = 401A9B3D247FCC7600C0763B /* AudioEffectSettingKit.xcodeproj */;
			proxyType = 2;
			remoteGlobalIDString = 40AF71C9247D08F700EBB371;
			remoteInfo = AudioEffectSettingKitResources;
		};
/* End PBXContainerItemProxy section */

/* Begin PBXCopyFilesBuildPhase section */
		4088EB84245A7199005BF1DD /* Embed Frameworks */ = {
			isa = PBXCopyFilesBuildPhase;
			buildActionMask = 2147483647;
			dstPath = "";
			dstSubfolderSpec = 10;
			files = (
			);
			name = "Embed Frameworks";
			runOnlyForDeploymentPostprocessing = 0;
		};
/* End PBXCopyFilesBuildPhase section */

/* Begin PBXFileReference section */
		2840D91B24B8562200723FBC /* AudioToolbox.framework */ = {isa = PBXFileReference; lastKnownFileType = wrapper.framework; name = AudioToolbox.framework; path = System/Library/Frameworks/AudioToolbox.framework; sourceTree = SDKROOT; };
		400923B31F4FCC6E009B882D /* TXLiteAVDemo_Player.app */ = {isa = PBXFileReference; explicitFileType = wrapper.application; includeInIndex = 0; path = TXLiteAVDemo_Player.app; sourceTree = BUILT_PRODUCTS_DIR; };
		401A9B3D247FCC7600C0763B /* AudioEffectSettingKit.xcodeproj */ = {isa = PBXFileReference; lastKnownFileType = "wrapper.pb-project"; path = AudioEffectSettingKit.xcodeproj; sourceTree = "<group>"; };
		402A00DD2450552E0037A219 /* TXLiteAVDemo-Bridging-Header.h */ = {isa = PBXFileReference; lastKnownFileType = sourcecode.c.h; path = "TXLiteAVDemo-Bridging-Header.h"; sourceTree = "<group>"; };
		402A010024506F740037A219 /* main.m */ = {isa = PBXFileReference; fileEncoding = 4; lastKnownFileType = sourcecode.c.objc; name = main.m; path = App/main.m; sourceTree = "<group>"; };
		402A010724506F9C0037A219 /* Info.plist */ = {isa = PBXFileReference; lastKnownFileType = text.plist.xml; name = Info.plist; path = App/Info.plist; sourceTree = "<group>"; };
		4030B1EC245563B200CF5926 /* SuperPlayer.podspec */ = {isa = PBXFileReference; lastKnownFileType = text; path = SuperPlayer.podspec; sourceTree = "<group>"; xcLanguageSpecificationIdentifier = xcode.lang.ruby; };
		40407ACA1F3035CA006C7301 /* Foundation.framework */ = {isa = PBXFileReference; lastKnownFileType = wrapper.framework; name = Foundation.framework; path = System/Library/Frameworks/Foundation.framework; sourceTree = SDKROOT; };
		4053392524654D2700A6B478 /* TCHttpUtil.m */ = {isa = PBXFileReference; fileEncoding = 4; lastKnownFileType = sourcecode.c.objc; path = TCHttpUtil.m; sourceTree = "<group>"; };
		4053392624654D2700A6B478 /* TCHttpUtil.h */ = {isa = PBXFileReference; fileEncoding = 4; lastKnownFileType = sourcecode.c.h; path = TCHttpUtil.h; sourceTree = "<group>"; };
		4071CF5924441578000B7707 /* TXLiteAVSDK_Player.framework */ = {isa = PBXFileReference; lastKnownFileType = wrapper.framework; path = TXLiteAVSDK_Player.framework; sourceTree = "<group>"; };
		4071CF702444477A000B7707 /* libsqlite3.0.tbd */ = {isa = PBXFileReference; lastKnownFileType = "sourcecode.text-based-dylib-definition"; name = libsqlite3.0.tbd; path = usr/lib/libsqlite3.0.tbd; sourceTree = SDKROOT; };
		40802A272484BBBE008151C1 /* AudioEffectSettingKit.framework */ = {isa = PBXFileReference; explicitFileType = wrapper.framework; path = AudioEffectSettingKit.framework; sourceTree = BUILT_PRODUCTS_DIR; };
		40A49D5E24598CD200BFCB18 /* UGCKit.xcodeproj */ = {isa = PBXFileReference; lastKnownFileType = "wrapper.pb-project"; name = UGCKit.xcodeproj; path = UGCKit/UGCKit.xcodeproj; sourceTree = "<group>"; };
		40A7CFED2461102E00E792A5 /* SuperPlayer.bundle */ = {isa = PBXFileReference; lastKnownFileType = "wrapper.plug-in"; name = SuperPlayer.bundle; path = SuperPlayer/Resource/SuperPlayer.bundle; sourceTree = "<group>"; };
		40AA533524458EC800303EF7 /* TCBeautyPanel.xcodeproj */ = {isa = PBXFileReference; lastKnownFileType = "wrapper.pb-project"; path = TCBeautyPanel.xcodeproj; sourceTree = "<group>"; };
		40AA539724459DF900303EF7 /* UGCKit.framework */ = {isa = PBXFileReference; explicitFileType = wrapper.framework; path = UGCKit.framework; sourceTree = BUILT_PRODUCTS_DIR; };
		40B3F9D92446EF11000C37A3 /* TCUtil.h */ = {isa = PBXFileReference; fileEncoding = 4; lastKnownFileType = sourcecode.c.h; path = TCUtil.h; sourceTree = "<group>"; };
		40B3F9DA2446EF11000C37A3 /* TCLog.m */ = {isa = PBXFileReference; fileEncoding = 4; lastKnownFileType = sourcecode.c.objc; path = TCLog.m; sourceTree = "<group>"; };
		40B3F9DD2446EF11000C37A3 /* TCUtil.m */ = {isa = PBXFileReference; fileEncoding = 4; lastKnownFileType = sourcecode.c.objc; path = TCUtil.m; sourceTree = "<group>"; };
		40B3F9DE2446EF11000C37A3 /* TCLog.h */ = {isa = PBXFileReference; fileEncoding = 4; lastKnownFileType = sourcecode.c.h; path = TCLog.h; sourceTree = "<group>"; };
		40B3F9FD2447042B000C37A3 /* HUDHelper.m */ = {isa = PBXFileReference; fileEncoding = 4; lastKnownFileType = sourcecode.c.objc; path = HUDHelper.m; sourceTree = "<group>"; };
		40B3F9FE2447042C000C37A3 /* HUDHelper.h */ = {isa = PBXFileReference; fileEncoding = 4; lastKnownFileType = sourcecode.c.h; path = HUDHelper.h; sourceTree = "<group>"; };
		40B3FA002447056D000C37A3 /* UIColor+MLPFlatColors.m */ = {isa = PBXFileReference; fileEncoding = 4; lastKnownFileType = sourcecode.c.objc; path = "UIColor+MLPFlatColors.m"; sourceTree = "<group>"; };
		40B3FA012447056D000C37A3 /* UIColor+MLPFlatColors.h */ = {isa = PBXFileReference; fileEncoding = 4; lastKnownFileType = sourcecode.c.h; path = "UIColor+MLPFlatColors.h"; sourceTree = "<group>"; };
		40F853221EE8FC7300EE47D7 /* Assets.xcassets */ = {isa = PBXFileReference; lastKnownFileType = folder.assetcatalog; path = Assets.xcassets; sourceTree = "<group>"; };
		40F853251EE8FC8400EE47D7 /* AppDelegate.h */ = {isa = PBXFileReference; fileEncoding = 4; lastKnownFileType = sourcecode.c.h; path = AppDelegate.h; sourceTree = "<group>"; };
		40F853261EE8FC8400EE47D7 /* AppDelegate.m */ = {isa = PBXFileReference; fileEncoding = 4; lastKnownFileType = sourcecode.c.objc; path = AppDelegate.m; sourceTree = "<group>"; };
		40F853271EE8FC8400EE47D7 /* AppLogMgr.h */ = {isa = PBXFileReference; fileEncoding = 4; lastKnownFileType = sourcecode.c.h; path = AppLogMgr.h; sourceTree = "<group>"; };
		40F853281EE8FC8400EE47D7 /* AppLogMgr.m */ = {isa = PBXFileReference; fileEncoding = 4; lastKnownFileType = sourcecode.c.objc; path = AppLogMgr.m; sourceTree = "<group>"; };
		40F853291EE8FC8400EE47D7 /* MainTableViewCell.h */ = {isa = PBXFileReference; fileEncoding = 4; lastKnownFileType = sourcecode.c.h; path = MainTableViewCell.h; sourceTree = "<group>"; };
		40F8532A1EE8FC8400EE47D7 /* MainTableViewCell.m */ = {isa = PBXFileReference; fileEncoding = 4; lastKnownFileType = sourcecode.c.objc; path = MainTableViewCell.m; sourceTree = "<group>"; };
		40F8532B1EE8FC8400EE47D7 /* MainViewController.h */ = {isa = PBXFileReference; fileEncoding = 4; lastKnownFileType = sourcecode.c.h; path = MainViewController.h; sourceTree = "<group>"; };
		40F8532C1EE8FC8400EE47D7 /* MainViewController.m */ = {isa = PBXFileReference; fileEncoding = 4; lastKnownFileType = sourcecode.c.objc; path = MainViewController.m; sourceTree = "<group>"; };
		40F853321EE8FC9B00EE47D7 /* Base */ = {isa = PBXFileReference; lastKnownFileType = file.storyboard; name = Base; path = Base.lproj/LaunchScreen.storyboard; sourceTree = "<group>"; };
		40F853341EE8FC9B00EE47D7 /* Base */ = {isa = PBXFileReference; lastKnownFileType = file.storyboard; name = Base; path = Base.lproj/Main.storyboard; sourceTree = "<group>"; };
		40F853421EE8FCDF00EE47D7 /* NSData+Common.h */ = {isa = PBXFileReference; fileEncoding = 4; lastKnownFileType = sourcecode.c.h; path = "NSData+Common.h"; sourceTree = "<group>"; };
		40F853431EE8FCDF00EE47D7 /* NSData+Common.m */ = {isa = PBXFileReference; fileEncoding = 4; lastKnownFileType = sourcecode.c.objc; path = "NSData+Common.m"; sourceTree = "<group>"; };
		40F853441EE8FCDF00EE47D7 /* NSObject+CommonBlock.h */ = {isa = PBXFileReference; fileEncoding = 4; lastKnownFileType = sourcecode.c.h; path = "NSObject+CommonBlock.h"; sourceTree = "<group>"; };
		40F853451EE8FCDF00EE47D7 /* NSObject+CommonBlock.m */ = {isa = PBXFileReference; fileEncoding = 4; lastKnownFileType = sourcecode.c.objc; path = "NSObject+CommonBlock.m"; sourceTree = "<group>"; };
		40F853461EE8FCDF00EE47D7 /* NSString+Common.h */ = {isa = PBXFileReference; fileEncoding = 4; lastKnownFileType = sourcecode.c.h; path = "NSString+Common.h"; sourceTree = "<group>"; };
		40F853471EE8FCDF00EE47D7 /* NSString+Common.m */ = {isa = PBXFileReference; fileEncoding = 4; lastKnownFileType = sourcecode.c.objc; path = "NSString+Common.m"; sourceTree = "<group>"; };
		40F853481EE8FCDF00EE47D7 /* UIButton+Additions.h */ = {isa = PBXFileReference; fileEncoding = 4; lastKnownFileType = sourcecode.c.h; path = "UIButton+Additions.h"; sourceTree = "<group>"; };
		40F853491EE8FCDF00EE47D7 /* UIButton+Additions.m */ = {isa = PBXFileReference; fileEncoding = 4; lastKnownFileType = sourcecode.c.objc; path = "UIButton+Additions.m"; sourceTree = "<group>"; };
		40F8534A1EE8FCDF00EE47D7 /* UIButton+Glossy.h */ = {isa = PBXFileReference; fileEncoding = 4; lastKnownFileType = sourcecode.c.h; path = "UIButton+Glossy.h"; sourceTree = "<group>"; };
		40F8534B1EE8FCDF00EE47D7 /* UIButton+Glossy.m */ = {isa = PBXFileReference; fileEncoding = 4; lastKnownFileType = sourcecode.c.objc; path = "UIButton+Glossy.m"; sourceTree = "<group>"; };
		40F8534C1EE8FCDF00EE47D7 /* UIImage+Additions.h */ = {isa = PBXFileReference; fileEncoding = 4; lastKnownFileType = sourcecode.c.h; path = "UIImage+Additions.h"; sourceTree = "<group>"; };
		40F8534D1EE8FCDF00EE47D7 /* UIImage+Additions.m */ = {isa = PBXFileReference; fileEncoding = 4; lastKnownFileType = sourcecode.c.objc; path = "UIImage+Additions.m"; sourceTree = "<group>"; };
		40F8534E1EE8FCDF00EE47D7 /* UIView+Additions.h */ = {isa = PBXFileReference; fileEncoding = 4; lastKnownFileType = sourcecode.c.h; path = "UIView+Additions.h"; sourceTree = "<group>"; };
		40F8534F1EE8FCDF00EE47D7 /* UIView+Additions.m */ = {isa = PBXFileReference; fileEncoding = 4; lastKnownFileType = sourcecode.c.objc; path = "UIView+Additions.m"; sourceTree = "<group>"; };
		40F853501EE8FCDF00EE47D7 /* UIView+CustomAutoLayout.h */ = {isa = PBXFileReference; fileEncoding = 4; lastKnownFileType = sourcecode.c.h; path = "UIView+CustomAutoLayout.h"; sourceTree = "<group>"; };
		40F853511EE8FCDF00EE47D7 /* UIView+CustomAutoLayout.m */ = {isa = PBXFileReference; fileEncoding = 4; lastKnownFileType = sourcecode.c.objc; path = "UIView+CustomAutoLayout.m"; sourceTree = "<group>"; };
		40F853531EE8FCDF00EE47D7 /* ColorMacro.h */ = {isa = PBXFileReference; fileEncoding = 4; lastKnownFileType = sourcecode.c.h; path = ColorMacro.h; sourceTree = "<group>"; };
		40F853551EE8FCDF00EE47D7 /* ScanQRController.h */ = {isa = PBXFileReference; fileEncoding = 4; lastKnownFileType = sourcecode.c.h; path = ScanQRController.h; sourceTree = "<group>"; };
		40F853561EE8FCDF00EE47D7 /* ScanQRController.mm */ = {isa = PBXFileReference; fileEncoding = 4; lastKnownFileType = sourcecode.cpp.objcpp; path = ScanQRController.mm; sourceTree = "<group>"; };
		40F855361EE8FDAD00EE47D7 /* AssetsLibrary.framework */ = {isa = PBXFileReference; lastKnownFileType = wrapper.framework; name = AssetsLibrary.framework; path = System/Library/Frameworks/AssetsLibrary.framework; sourceTree = SDKROOT; };
		40F855381EE8FDB600EE47D7 /* Security.framework */ = {isa = PBXFileReference; lastKnownFileType = wrapper.framework; name = Security.framework; path = System/Library/Frameworks/Security.framework; sourceTree = SDKROOT; };
		40F8553A1EE8FDBF00EE47D7 /* Accelerate.framework */ = {isa = PBXFileReference; lastKnownFileType = wrapper.framework; name = Accelerate.framework; path = System/Library/Frameworks/Accelerate.framework; sourceTree = SDKROOT; };
		40F8553C1EE8FDC500EE47D7 /* AVFoundation.framework */ = {isa = PBXFileReference; lastKnownFileType = wrapper.framework; name = AVFoundation.framework; path = System/Library/Frameworks/AVFoundation.framework; sourceTree = SDKROOT; };
		40F8553E1EE8FDCC00EE47D7 /* CoreGraphics.framework */ = {isa = PBXFileReference; lastKnownFileType = wrapper.framework; name = CoreGraphics.framework; path = System/Library/Frameworks/CoreGraphics.framework; sourceTree = SDKROOT; };
		40F855401EE8FDD300EE47D7 /* CoreMedia.framework */ = {isa = PBXFileReference; lastKnownFileType = wrapper.framework; name = CoreMedia.framework; path = System/Library/Frameworks/CoreMedia.framework; sourceTree = SDKROOT; };
		40F855421EE8FDDA00EE47D7 /* VideoToolbox.framework */ = {isa = PBXFileReference; lastKnownFileType = wrapper.framework; name = VideoToolbox.framework; path = System/Library/Frameworks/VideoToolbox.framework; sourceTree = SDKROOT; };
		40F855441EE8FDE100EE47D7 /* CoreTelephony.framework */ = {isa = PBXFileReference; lastKnownFileType = wrapper.framework; name = CoreTelephony.framework; path = System/Library/Frameworks/CoreTelephony.framework; sourceTree = SDKROOT; };
		40F855461EE8FDE800EE47D7 /* SystemConfiguration.framework */ = {isa = PBXFileReference; lastKnownFileType = wrapper.framework; name = SystemConfiguration.framework; path = System/Library/Frameworks/SystemConfiguration.framework; sourceTree = SDKROOT; };
		40F855481EE8FDF100EE47D7 /* libresolv.tbd */ = {isa = PBXFileReference; lastKnownFileType = "sourcecode.text-based-dylib-definition"; name = libresolv.tbd; path = usr/lib/libresolv.tbd; sourceTree = SDKROOT; };
		40F8554C1EE8FDFC00EE47D7 /* libz.tbd */ = {isa = PBXFileReference; lastKnownFileType = "sourcecode.text-based-dylib-definition"; name = libz.tbd; path = usr/lib/libz.tbd; sourceTree = SDKROOT; };
		40F8554E1EE8FE0100EE47D7 /* libiconv.tbd */ = {isa = PBXFileReference; lastKnownFileType = "sourcecode.text-based-dylib-definition"; name = libiconv.tbd; path = usr/lib/libiconv.tbd; sourceTree = SDKROOT; };
		457FD2F821C7530C00EEB03F /* NSString+UISize.h */ = {isa = PBXFileReference; lastKnownFileType = sourcecode.c.h; path = "NSString+UISize.h"; sourceTree = "<group>"; };
		457FD2F921C7530C00EEB03F /* NSString+UISize.m */ = {isa = PBXFileReference; lastKnownFileType = sourcecode.c.objc; path = "NSString+UISize.m"; sourceTree = "<group>"; };
		45C37797226765A60054D0B8 /* Settings.bundle */ = {isa = PBXFileReference; lastKnownFileType = "wrapper.plug-in"; path = Settings.bundle; sourceTree = "<group>"; };
		45D8448B23B64395001CD3A9 /* UGCUploadList.h */ = {isa = PBXFileReference; lastKnownFileType = sourcecode.c.h; path = UGCUploadList.h; sourceTree = "<group>"; };
		45D8448C23B64395001CD3A9 /* UGCUploadList.m */ = {isa = PBXFileReference; lastKnownFileType = sourcecode.c.objc; path = UGCUploadList.m; sourceTree = "<group>"; };
		47258C0972C94E28C1B82D68 /* libPods-TXLiteAVDemo_Player.a */ = {isa = PBXFileReference; explicitFileType = archive.ar; includeInIndex = 0; path = "libPods-TXLiteAVDemo_Player.a"; sourceTree = BUILT_PRODUCTS_DIR; };
		51A289F8230FB93A00B9B73F /* OpenAL.framework */ = {isa = PBXFileReference; lastKnownFileType = wrapper.framework; name = OpenAL.framework; path = System/Library/Frameworks/OpenAL.framework; sourceTree = SDKROOT; };
		51A4AD391F1F8AE300B4A806 /* MediaPlayer.framework */ = {isa = PBXFileReference; lastKnownFileType = wrapper.framework; name = MediaPlayer.framework; path = System/Library/Frameworks/MediaPlayer.framework; sourceTree = SDKROOT; };
		6A03ED3F1FD13DFB00F2F063 /* UIViewController+BackButtonHandler.m */ = {isa = PBXFileReference; fileEncoding = 4; lastKnownFileType = sourcecode.c.objc; path = "UIViewController+BackButtonHandler.m"; sourceTree = "<group>"; };
		6A03ED401FD13DFB00F2F063 /* UIViewController+BackButtonHandler.h */ = {isa = PBXFileReference; fileEncoding = 4; lastKnownFileType = sourcecode.c.h; path = "UIViewController+BackButtonHandler.h"; sourceTree = "<group>"; };
		6A395A01234AEE9700AFBCE8 /* NSDictionary+Common.h */ = {isa = PBXFileReference; lastKnownFileType = sourcecode.c.h; path = "NSDictionary+Common.h"; sourceTree = "<group>"; };
		6A395A02234AEE9700AFBCE8 /* NSDictionary+Common.m */ = {isa = PBXFileReference; lastKnownFileType = sourcecode.c.objc; path = "NSDictionary+Common.m"; sourceTree = "<group>"; };
		6A50322E24A1A68E00701E6B /* UserProtocol.html */ = {isa = PBXFileReference; fileEncoding = 4; lastKnownFileType = text.html; path = UserProtocol.html; sourceTree = "<group>"; };
		7B4C917A24B4B0C80095C041 /* TXLaunchMoviePlayProtocol.h */ = {isa = PBXFileReference; lastKnownFileType = sourcecode.c.h; path = TXLaunchMoviePlayProtocol.h; sourceTree = "<group>"; };
		910E179D2080A27500178D86 /* TXMoviePlayerNetApi.h */ = {isa = PBXFileReference; lastKnownFileType = sourcecode.c.h; path = TXMoviePlayerNetApi.h; sourceTree = "<group>"; };
		910E179E2080A27500178D86 /* TXMoviePlayerNetApi.m */ = {isa = PBXFileReference; lastKnownFileType = sourcecode.c.objc; path = TXMoviePlayerNetApi.m; sourceTree = "<group>"; };
		910E17A52080A2EB00178D86 /* TXMoviePlayerNetDelegate.h */ = {isa = PBXFileReference; lastKnownFileType = sourcecode.c.h; path = TXMoviePlayerNetDelegate.h; sourceTree = "<group>"; };
		910E17A62080A38400178D86 /* TXMoviePlayInfoResponse.h */ = {isa = PBXFileReference; lastKnownFileType = sourcecode.c.h; path = TXMoviePlayInfoResponse.h; sourceTree = "<group>"; };
		910E17A72080A38400178D86 /* TXMoviePlayInfoResponse.m */ = {isa = PBXFileReference; lastKnownFileType = sourcecode.c.objc; path = TXMoviePlayInfoResponse.m; sourceTree = "<group>"; };
		912A62062160D78A00C16E41 /* CFDanmaku.h */ = {isa = PBXFileReference; fileEncoding = 4; lastKnownFileType = sourcecode.c.h; path = CFDanmaku.h; sourceTree = "<group>"; };
		912A62072160D78A00C16E41 /* CFDanmaku.m */ = {isa = PBXFileReference; fileEncoding = 4; lastKnownFileType = sourcecode.c.objc; path = CFDanmaku.m; sourceTree = "<group>"; };
		912A62082160D78A00C16E41 /* CFDanmakuInfo.h */ = {isa = PBXFileReference; fileEncoding = 4; lastKnownFileType = sourcecode.c.h; path = CFDanmakuInfo.h; sourceTree = "<group>"; };
		912A62092160D78A00C16E41 /* CFDanmakuInfo.m */ = {isa = PBXFileReference; fileEncoding = 4; lastKnownFileType = sourcecode.c.objc; path = CFDanmakuInfo.m; sourceTree = "<group>"; };
		912A620A2160D78A00C16E41 /* CFDanmakuView.h */ = {isa = PBXFileReference; fileEncoding = 4; lastKnownFileType = sourcecode.c.h; path = CFDanmakuView.h; sourceTree = "<group>"; };
		912A620B2160D78A00C16E41 /* CFDanmakuView.m */ = {isa = PBXFileReference; fileEncoding = 4; lastKnownFileType = sourcecode.c.objc; path = CFDanmakuView.m; sourceTree = "<group>"; };
		91D47F3920B6B13C0072AC0B /* ReplayKit.framework */ = {isa = PBXFileReference; lastKnownFileType = wrapper.framework; name = ReplayKit.framework; path = System/Library/Frameworks/ReplayKit.framework; sourceTree = SDKROOT; };
		91DB2EFD212554B500013D74 /* SuperPlayerGuideView.h */ = {isa = PBXFileReference; lastKnownFileType = sourcecode.c.h; path = SuperPlayerGuideView.h; sourceTree = "<group>"; };
		91DB2EFE212554B500013D74 /* SuperPlayerGuideView.m */ = {isa = PBXFileReference; lastKnownFileType = sourcecode.c.objc; path = SuperPlayerGuideView.m; sourceTree = "<group>"; };
		91EEB3492060AF6C00BD01DB /* DownloadViewController.h */ = {isa = PBXFileReference; lastKnownFileType = sourcecode.c.h; path = DownloadViewController.h; sourceTree = "<group>"; };
		91EEB34A2060AF6C00BD01DB /* DownloadViewController.m */ = {isa = PBXFileReference; lastKnownFileType = sourcecode.c.objc; path = DownloadViewController.m; sourceTree = "<group>"; };
		91F87A7E1FF4A0FC001644B1 /* libsqlite3.tbd */ = {isa = PBXFileReference; lastKnownFileType = "sourcecode.text-based-dylib-definition"; name = libsqlite3.tbd; path = usr/lib/libsqlite3.tbd; sourceTree = SDKROOT; };
		C2AAC1261BB0478201B5F0F2 /* Pods-TXLiteAVDemo_Player.release.xcconfig */ = {isa = PBXFileReference; includeInIndex = 1; lastKnownFileType = text.xcconfig; name = "Pods-TXLiteAVDemo_Player.release.xcconfig"; path = "Target Support Files/Pods-TXLiteAVDemo_Player/Pods-TXLiteAVDemo_Player.release.xcconfig"; sourceTree = "<group>"; };
		CE45D2971F15C527003506D1 /* libc++.tbd */ = {isa = PBXFileReference; lastKnownFileType = "sourcecode.text-based-dylib-definition"; name = "libc++.tbd"; path = "usr/lib/libc++.tbd"; sourceTree = SDKROOT; };
		CE7C6E4A1FC2C5320095663F /* FilterResource.bundle */ = {isa = PBXFileReference; lastKnownFileType = "wrapper.plug-in"; path = FilterResource.bundle; sourceTree = "<group>"; };
		CF31F0EB1FBB2A7E0066BF7D /* Metal.framework */ = {isa = PBXFileReference; lastKnownFileType = wrapper.framework; name = Metal.framework; path = System/Library/Frameworks/Metal.framework; sourceTree = SDKROOT; };
		D650607A20EE145F00C8BC44 /* libc.tbd */ = {isa = PBXFileReference; lastKnownFileType = "sourcecode.text-based-dylib-definition"; name = libc.tbd; path = usr/lib/libc.tbd; sourceTree = SDKROOT; };
		D6BEF7232040353E00CBE2BD /* ListVideoCell.h */ = {isa = PBXFileReference; fileEncoding = 4; lastKnownFileType = sourcecode.c.h; path = ListVideoCell.h; sourceTree = "<group>"; };
		D6BEF7242040353E00CBE2BD /* ListVideoCell.m */ = {isa = PBXFileReference; fileEncoding = 4; lastKnownFileType = sourcecode.c.objc; path = ListVideoCell.m; sourceTree = "<group>"; };
		D6BEF7252040353E00CBE2BD /* MoviePlayerViewController.h */ = {isa = PBXFileReference; fileEncoding = 4; lastKnownFileType = sourcecode.c.h; path = MoviePlayerViewController.h; sourceTree = "<group>"; };
		D6BEF7262040353E00CBE2BD /* MoviePlayerViewController.m */ = {isa = PBXFileReference; fileEncoding = 4; lastKnownFileType = sourcecode.c.objc; path = MoviePlayerViewController.m; sourceTree = "<group>"; };
		D6BEF79D204035CB00CBE2BD /* danmakufile */ = {isa = PBXFileReference; fileEncoding = 4; lastKnownFileType = text.xml; path = danmakufile; sourceTree = "<group>"; };
		D6E5D1C020B7B61F00812B2F /* ReplayKit2Define.h */ = {isa = PBXFileReference; fileEncoding = 4; lastKnownFileType = sourcecode.c.h; path = ReplayKit2Define.h; sourceTree = "<group>"; };
		FD55FF487EC5F3A9A38203AA /* Pods-TXLiteAVDemo_Player.debug.xcconfig */ = {isa = PBXFileReference; includeInIndex = 1; lastKnownFileType = text.xcconfig; name = "Pods-TXLiteAVDemo_Player.debug.xcconfig"; path = "Target Support Files/Pods-TXLiteAVDemo_Player/Pods-TXLiteAVDemo_Player.debug.xcconfig"; sourceTree = "<group>"; };
/* End PBXFileReference section */

/* Begin PBXFrameworksBuildPhase section */
		400922E01F4FCC6E009B882D /* Frameworks */ = {
			isa = PBXFrameworksBuildPhase;
			buildActionMask = 2147483647;
			files = (
				91F87A811FF4A109001644B1 /* libsqlite3.tbd in Frameworks */,
				400922E11F4FCC6E009B882D /* Foundation.framework in Frameworks */,
				400922E21F4FCC6E009B882D /* AVFoundation.framework in Frameworks */,
				400922E31F4FCC6E009B882D /* MediaPlayer.framework in Frameworks */,
				400922E51F4FCC6E009B882D /* libiconv.tbd in Frameworks */,
				4071CF5B24441578000B7707 /* TXLiteAVSDK_Player.framework in Frameworks */,
				400922E61F4FCC6E009B882D /* libz.tbd in Frameworks */,
				400922E71F4FCC6E009B882D /* libc++.tbd in Frameworks */,
				400922E91F4FCC6E009B882D /* libresolv.tbd in Frameworks */,
				400922EA1F4FCC6E009B882D /* SystemConfiguration.framework in Frameworks */,
				400922EB1F4FCC6E009B882D /* CoreTelephony.framework in Frameworks */,
				400922EC1F4FCC6E009B882D /* VideoToolbox.framework in Frameworks */,
				400922EE1F4FCC6E009B882D /* CoreMedia.framework in Frameworks */,
				400922EF1F4FCC6E009B882D /* CoreGraphics.framework in Frameworks */,
				400922F01F4FCC6E009B882D /* Accelerate.framework in Frameworks */,
				400922F11F4FCC6E009B882D /* Security.framework in Frameworks */,
				400922F21F4FCC6E009B882D /* AssetsLibrary.framework in Frameworks */,
				7B107D8F4C4B5BF9184EC193 /* libPods-TXLiteAVDemo_Player.a in Frameworks */,
			);
			runOnlyForDeploymentPostprocessing = 0;
		};
/* End PBXFrameworksBuildPhase section */

/* Begin PBXGroup section */
		402A010A245070290037A219 /* BridgeHeader */ = {
			isa = PBXGroup;
			children = (
				402A00DD2450552E0037A219 /* TXLiteAVDemo-Bridging-Header.h */,
			);
			name = BridgeHeader;
			sourceTree = "<group>";
		};
		405339102465444D00A6B478 /* AppCommon */ = {
			isa = PBXGroup;
			children = (
				40B3F9D82446EF11000C37A3 /* CommonUtils */,
				40F853531EE8FCDF00EE47D7 /* ColorMacro.h */,
				40F853411EE8FCDF00EE47D7 /* Catetory */,
			);
			path = AppCommon;
			sourceTree = "<group>";
		};
		4053392324654D0F00A6B478 /* Common */ = {
			isa = PBXGroup;
			children = (
				40F853541EE8FCDF00EE47D7 /* QRScan */,
				4053392424654D2700A6B478 /* TCHttpUtil */,
			);
			path = Common;
			sourceTree = "<group>";
		};
		4053392424654D2700A6B478 /* TCHttpUtil */ = {
			isa = PBXGroup;
			children = (
				4053392524654D2700A6B478 /* TCHttpUtil.m */,
				4053392624654D2700A6B478 /* TCHttpUtil.h */,
			);
			path = TCHttpUtil;
			sourceTree = "<group>";
		};
		405874162445AA10009B3503 /* SuperPlayerKit */ = {
			isa = PBXGroup;
			children = (
				40A7CFED2461102E00E792A5 /* SuperPlayer.bundle */,
				4030B1EC245563B200CF5926 /* SuperPlayer.podspec */,
			);
			path = SuperPlayerKit;
			sourceTree = "<group>";
		};
		4090F788246AE22000EA72A0 /* Main */ = {
			isa = PBXGroup;
			children = (
				40F853291EE8FC8400EE47D7 /* MainTableViewCell.h */,
				40F8532A1EE8FC8400EE47D7 /* MainTableViewCell.m */,
				40F8532B1EE8FC8400EE47D7 /* MainViewController.h */,
				40F8532C1EE8FC8400EE47D7 /* MainViewController.m */,
			);
			path = Main;
			sourceTree = "<group>";
		};
		40A49D5F24598CD200BFCB18 /* Products */ = {
			isa = PBXGroup;
			children = (
				40A49D6524598CD700BFCB18 /* UGCKit.framework */,
				40A49D6724598CD700BFCB18 /* UGCKitResources.bundle */,
			);
			name = Products;
			sourceTree = "<group>";
		};
		40AA533624458EC800303EF7 /* Products */ = {
			isa = PBXGroup;
			children = (
				40AA536524458EC800303EF7 /* TCBeautyPanel.framework */,
				40AA536724458EC800303EF7 /* TCBeautyPanelResources.bundle */,
			);
			name = Products;
			sourceTree = "<group>";
		};
		40B3F9D82446EF11000C37A3 /* CommonUtils */ = {
			isa = PBXGroup;
			children = (
				40B3F9DE2446EF11000C37A3 /* TCLog.h */,
				40B3F9DA2446EF11000C37A3 /* TCLog.m */,
				40B3F9D92446EF11000C37A3 /* TCUtil.h */,
				40B3F9DD2446EF11000C37A3 /* TCUtil.m */,
			);
			path = CommonUtils;
			sourceTree = "<group>";
		};
		40B5C67D2484BBE500D3A718 /* Products */ = {
			isa = PBXGroup;
			children = (
				40B5C6832484BBE500D3A718 /* AudioEffectSettingKit.framework */,
				40B5C6852484BBE500D3A718 /* AudioEffectSettingKitExample.app */,
				40B5C6872484BBE500D3A718 /* AudioEffectSettingKitResources.bundle */,
			);
			name = Products;
			sourceTree = "<group>";
		};
		40F852FA1EE8FB3800EE47D7 = {
			isa = PBXGroup;
			children = (
				45736E91243F5B2200F7F601 /* SDK */,
				40F853051EE8FB3800EE47D7 /* TXLiteAVDemo */,
				40F854FF1EE8FD2F00EE47D7 /* Frameworks */,
				40F853041EE8FB3800EE47D7 /* Products */,
				DE336FBCF7A8A2B1C7E9E0C1 /* Pods */,
			);
			sourceTree = "<group>";
		};
		40F853041EE8FB3800EE47D7 /* Products */ = {
			isa = PBXGroup;
			children = (
				400923B31F4FCC6E009B882D /* TXLiteAVDemo_Player.app */,
			);
			name = Products;
			sourceTree = "<group>";
		};
		40F853051EE8FB3800EE47D7 /* TXLiteAVDemo */ = {
			isa = PBXGroup;
			children = (
				40F853241EE8FC8400EE47D7 /* App */,
				40F8531D1EE8FC1E00EE47D7 /* Supporting Files */,
				405874162445AA10009B3503 /* SuperPlayerKit */,
				D6BEF71D2040353E00CBE2BD /* SuperPlayerDemo */,
			);
			path = TXLiteAVDemo;
			sourceTree = "<group>";
		};
		40F8531D1EE8FC1E00EE47D7 /* Supporting Files */ = {
			isa = PBXGroup;
			children = (
				402A010024506F740037A219 /* main.m */,
				40F853311EE8FC9B00EE47D7 /* LaunchScreen.storyboard */,
				40F853331EE8FC9B00EE47D7 /* Main.storyboard */,
				402A010724506F9C0037A219 /* Info.plist */,
			);
			name = "Supporting Files";
			sourceTree = "<group>";
		};
		40F853241EE8FC8400EE47D7 /* App */ = {
			isa = PBXGroup;
			children = (
				4090F788246AE22000EA72A0 /* Main */,
				40F853721EE8FD0700EE47D7 /* Resource */,
				405339102465444D00A6B478 /* AppCommon */,
				402A010A245070290037A219 /* BridgeHeader */,
				40F853251EE8FC8400EE47D7 /* AppDelegate.h */,
				40F853261EE8FC8400EE47D7 /* AppDelegate.m */,
				40F853271EE8FC8400EE47D7 /* AppLogMgr.h */,
				40F853281EE8FC8400EE47D7 /* AppLogMgr.m */,
				D6E5D1C020B7B61F00812B2F /* ReplayKit2Define.h */,
			);
			path = App;
			sourceTree = "<group>";
		};
		40F853411EE8FCDF00EE47D7 /* Catetory */ = {
			isa = PBXGroup;
			children = (
				40B3FA012447056D000C37A3 /* UIColor+MLPFlatColors.h */,
				40B3FA002447056D000C37A3 /* UIColor+MLPFlatColors.m */,
				40B3F9FE2447042C000C37A3 /* HUDHelper.h */,
				40B3F9FD2447042B000C37A3 /* HUDHelper.m */,
				6A03ED401FD13DFB00F2F063 /* UIViewController+BackButtonHandler.h */,
				6A03ED3F1FD13DFB00F2F063 /* UIViewController+BackButtonHandler.m */,
				40F853421EE8FCDF00EE47D7 /* NSData+Common.h */,
				40F853431EE8FCDF00EE47D7 /* NSData+Common.m */,
				40F853441EE8FCDF00EE47D7 /* NSObject+CommonBlock.h */,
				40F853451EE8FCDF00EE47D7 /* NSObject+CommonBlock.m */,
				40F853461EE8FCDF00EE47D7 /* NSString+Common.h */,
				40F853471EE8FCDF00EE47D7 /* NSString+Common.m */,
				40F853481EE8FCDF00EE47D7 /* UIButton+Additions.h */,
				40F853491EE8FCDF00EE47D7 /* UIButton+Additions.m */,
				40F8534A1EE8FCDF00EE47D7 /* UIButton+Glossy.h */,
				40F8534B1EE8FCDF00EE47D7 /* UIButton+Glossy.m */,
				40F8534C1EE8FCDF00EE47D7 /* UIImage+Additions.h */,
				40F8534D1EE8FCDF00EE47D7 /* UIImage+Additions.m */,
				40F8534E1EE8FCDF00EE47D7 /* UIView+Additions.h */,
				40F8534F1EE8FCDF00EE47D7 /* UIView+Additions.m */,
				40F853501EE8FCDF00EE47D7 /* UIView+CustomAutoLayout.h */,
				40F853511EE8FCDF00EE47D7 /* UIView+CustomAutoLayout.m */,
				457FD2F821C7530C00EEB03F /* NSString+UISize.h */,
				457FD2F921C7530C00EEB03F /* NSString+UISize.m */,
				6A395A01234AEE9700AFBCE8 /* NSDictionary+Common.h */,
				6A395A02234AEE9700AFBCE8 /* NSDictionary+Common.m */,
			);
			path = Catetory;
			sourceTree = "<group>";
		};
		40F853541EE8FCDF00EE47D7 /* QRScan */ = {
			isa = PBXGroup;
			children = (
				40F853551EE8FCDF00EE47D7 /* ScanQRController.h */,
				40F853561EE8FCDF00EE47D7 /* ScanQRController.mm */,
			);
			path = QRScan;
			sourceTree = "<group>";
		};
		40F853721EE8FD0700EE47D7 /* Resource */ = {
			isa = PBXGroup;
			children = (
				6A50322E24A1A68E00701E6B /* UserProtocol.html */,
				40F853221EE8FC7300EE47D7 /* Assets.xcassets */,
				CE7C6E4A1FC2C5320095663F /* FilterResource.bundle */,
				45C37797226765A60054D0B8 /* Settings.bundle */,
			);
			path = Resource;
			sourceTree = "<group>";
		};
		40F854FF1EE8FD2F00EE47D7 /* Frameworks */ = {
			isa = PBXGroup;
			children = (
				2840D91B24B8562200723FBC /* AudioToolbox.framework */,
				40802A272484BBBE008151C1 /* AudioEffectSettingKit.framework */,
				40AA539724459DF900303EF7 /* UGCKit.framework */,
				4071CF702444477A000B7707 /* libsqlite3.0.tbd */,
				51A289F8230FB93A00B9B73F /* OpenAL.framework */,
				D650607A20EE145F00C8BC44 /* libc.tbd */,
				91F87A7E1FF4A0FC001644B1 /* libsqlite3.tbd */,
				CF31F0EB1FBB2A7E0066BF7D /* Metal.framework */,
				40407ACA1F3035CA006C7301 /* Foundation.framework */,
				51A4AD391F1F8AE300B4A806 /* MediaPlayer.framework */,
				CE45D2971F15C527003506D1 /* libc++.tbd */,
				40F8554E1EE8FE0100EE47D7 /* libiconv.tbd */,
				40F8554C1EE8FDFC00EE47D7 /* libz.tbd */,
				40F855481EE8FDF100EE47D7 /* libresolv.tbd */,
				40F855461EE8FDE800EE47D7 /* SystemConfiguration.framework */,
				40F855441EE8FDE100EE47D7 /* CoreTelephony.framework */,
				40F855421EE8FDDA00EE47D7 /* VideoToolbox.framework */,
				40F855401EE8FDD300EE47D7 /* CoreMedia.framework */,
				40F8553E1EE8FDCC00EE47D7 /* CoreGraphics.framework */,
				40F8553C1EE8FDC500EE47D7 /* AVFoundation.framework */,
				40F8553A1EE8FDBF00EE47D7 /* Accelerate.framework */,
				40F855381EE8FDB600EE47D7 /* Security.framework */,
				40F855361EE8FDAD00EE47D7 /* AssetsLibrary.framework */,
				91D47F3920B6B13C0072AC0B /* ReplayKit.framework */,
				47258C0972C94E28C1B82D68 /* libPods-TXLiteAVDemo_Player.a */,
			);
			name = Frameworks;
			sourceTree = "<group>";
		};
		45736E91243F5B2200F7F601 /* SDK */ = {
			isa = PBXGroup;
			children = (
				4071CF5924441578000B7707 /* TXLiteAVSDK_Player.framework */,
			);
			name = SDK;
			path = ../SDK;
			sourceTree = "<group>";
		};
		45D8448A23B63C77001CD3A9 /* UGCUpload */ = {
			isa = PBXGroup;
			children = (
				45D8448B23B64395001CD3A9 /* UGCUploadList.h */,
				45D8448C23B64395001CD3A9 /* UGCUploadList.m */,
			);
			path = UGCUpload;
			sourceTree = "<group>";
		};
		912A62052160D78A00C16E41 /* CFDanmaku */ = {
			isa = PBXGroup;
			children = (
				912A62062160D78A00C16E41 /* CFDanmaku.h */,
				912A62072160D78A00C16E41 /* CFDanmaku.m */,
				912A62082160D78A00C16E41 /* CFDanmakuInfo.h */,
				912A62092160D78A00C16E41 /* CFDanmakuInfo.m */,
				912A620A2160D78A00C16E41 /* CFDanmakuView.h */,
				912A620B2160D78A00C16E41 /* CFDanmakuView.m */,
				D6BEF79D204035CB00CBE2BD /* danmakufile */,
			);
			path = CFDanmaku;
			sourceTree = "<group>";
		};
		91EEB3482060AED600BD01DB /* Download */ = {
			isa = PBXGroup;
			children = (
				91EEB3492060AF6C00BD01DB /* DownloadViewController.h */,
				91EEB34A2060AF6C00BD01DB /* DownloadViewController.m */,
			);
			path = Download;
			sourceTree = "<group>";
		};
		D6BEF71D2040353E00CBE2BD /* SuperPlayerDemo */ = {
			isa = PBXGroup;
			children = (
				4053392324654D0F00A6B478 /* Common */,
				45D8448A23B63C77001CD3A9 /* UGCUpload */,
				91EEB3482060AED600BD01DB /* Download */,
				D6BEF7212040353E00CBE2BD /* SuperPlayer */,
			);
			path = SuperPlayerDemo;
			sourceTree = "<group>";
		};
		D6BEF7212040353E00CBE2BD /* SuperPlayer */ = {
			isa = PBXGroup;
			children = (
				912A62052160D78A00C16E41 /* CFDanmaku */,
				D6BEF7222040353E00CBE2BD /* ListUI */,
				D6BEF7252040353E00CBE2BD /* MoviePlayerViewController.h */,
				D6BEF7262040353E00CBE2BD /* MoviePlayerViewController.m */,
				7B4C917A24B4B0C80095C041 /* TXLaunchMoviePlayProtocol.h */,
				910E17A62080A38400178D86 /* TXMoviePlayInfoResponse.h */,
				910E17A72080A38400178D86 /* TXMoviePlayInfoResponse.m */,
				910E179D2080A27500178D86 /* TXMoviePlayerNetApi.h */,
				910E179E2080A27500178D86 /* TXMoviePlayerNetApi.m */,
				910E17A52080A2EB00178D86 /* TXMoviePlayerNetDelegate.h */,
				91DB2EFD212554B500013D74 /* SuperPlayerGuideView.h */,
				91DB2EFE212554B500013D74 /* SuperPlayerGuideView.m */,
			);
			path = SuperPlayer;
			sourceTree = "<group>";
		};
		D6BEF7222040353E00CBE2BD /* ListUI */ = {
			isa = PBXGroup;
			children = (
				D6BEF7232040353E00CBE2BD /* ListVideoCell.h */,
				D6BEF7242040353E00CBE2BD /* ListVideoCell.m */,
			);
			path = ListUI;
			sourceTree = "<group>";
		};
		DE336FBCF7A8A2B1C7E9E0C1 /* Pods */ = {
			isa = PBXGroup;
			children = (
				FD55FF487EC5F3A9A38203AA /* Pods-TXLiteAVDemo_Player.debug.xcconfig */,
				C2AAC1261BB0478201B5F0F2 /* Pods-TXLiteAVDemo_Player.release.xcconfig */,
			);
			path = Pods;
			sourceTree = "<group>";
		};
/* End PBXGroup section */

/* Begin PBXNativeTarget section */
		400922A31F4FCC6E009B882D /* TXLiteAVDemo_Player */ = {
			isa = PBXNativeTarget;
			buildConfigurationList = 400923B01F4FCC6E009B882D /* Build configuration list for PBXNativeTarget "TXLiteAVDemo_Player" */;
			buildPhases = (
				6C4F8C3A6FA0475623441E96 /* [CP] Check Pods Manifest.lock */,
				400922A61F4FCC6E009B882D /* Sources */,
				400922E01F4FCC6E009B882D /* Frameworks */,
				400922F41F4FCC6E009B882D /* Resources */,
				4088EB84245A7199005BF1DD /* Embed Frameworks */,
				AB7D42C4D97F2F1563F9AA1C /* [CP] Copy Pods Resources */,
			);
			buildRules = (
			);
			dependencies = (
			);
			name = TXLiteAVDemo_Player;
			productName = TXLiteAVDemo;
			productReference = 400923B31F4FCC6E009B882D /* TXLiteAVDemo_Player.app */;
			productType = "com.apple.product-type.application";
		};
/* End PBXNativeTarget section */

/* Begin PBXProject section */
		40F852FB1EE8FB3800EE47D7 /* Project object */ = {
			isa = PBXProject;
			attributes = {
				LastSwiftUpdateCheck = 1140;
				LastUpgradeCheck = 0830;
				ORGANIZATIONNAME = Tencent;
				TargetAttributes = {
					400922A31F4FCC6E009B882D = {
						DevelopmentTeam = 5GHU44CJHG;
						ProvisioningStyle = Manual;
					};
				};
			};
			buildConfigurationList = 40F852FE1EE8FB3800EE47D7 /* Build configuration list for PBXProject "TXLiteAVDemo" */;
			compatibilityVersion = "Xcode 3.2";
			developmentRegion = English;
			hasScannedForEncodings = 0;
			knownRegions = (
				English,
				en,
				Base,
				de,
				es,
				ja,
				pl,
				"zh-Hans",
			);
			mainGroup = 40F852FA1EE8FB3800EE47D7;
			productRefGroup = 40F853041EE8FB3800EE47D7 /* Products */;
			projectDirPath = "";
			projectReferences = (
				{
					ProductGroup = 40B5C67D2484BBE500D3A718 /* Products */;
					ProjectRef = 401A9B3D247FCC7600C0763B /* AudioEffectSettingKit.xcodeproj */;
				},
				{
					ProductGroup = 40AA533624458EC800303EF7 /* Products */;
					ProjectRef = 40AA533524458EC800303EF7 /* TCBeautyPanel.xcodeproj */;
				},
				{
					ProductGroup = 40A49D5F24598CD200BFCB18 /* Products */;
					ProjectRef = 40A49D5E24598CD200BFCB18 /* UGCKit.xcodeproj */;
				},
			);
			projectRoot = "";
			targets = (
				400922A31F4FCC6E009B882D /* TXLiteAVDemo_Player */,
			);
		};
/* End PBXProject section */

/* Begin PBXReferenceProxy section */
		40A49D6524598CD700BFCB18 /* UGCKit.framework */ = {
			isa = PBXReferenceProxy;
			fileType = wrapper.framework;
			path = UGCKit.framework;
			remoteRef = 40A49D6424598CD700BFCB18 /* PBXContainerItemProxy */;
			sourceTree = BUILT_PRODUCTS_DIR;
		};
		40A49D6724598CD700BFCB18 /* UGCKitResources.bundle */ = {
			isa = PBXReferenceProxy;
			fileType = wrapper.cfbundle;
			path = UGCKitResources.bundle;
			remoteRef = 40A49D6624598CD700BFCB18 /* PBXContainerItemProxy */;
			sourceTree = BUILT_PRODUCTS_DIR;
		};
		40AA536524458EC800303EF7 /* TCBeautyPanel.framework */ = {
			isa = PBXReferenceProxy;
			fileType = wrapper.framework;
			path = TCBeautyPanel.framework;
			remoteRef = 40AA536424458EC800303EF7 /* PBXContainerItemProxy */;
			sourceTree = BUILT_PRODUCTS_DIR;
		};
		40AA536724458EC800303EF7 /* TCBeautyPanelResources.bundle */ = {
			isa = PBXReferenceProxy;
			fileType = wrapper.cfbundle;
			path = TCBeautyPanelResources.bundle;
			remoteRef = 40AA536624458EC800303EF7 /* PBXContainerItemProxy */;
			sourceTree = BUILT_PRODUCTS_DIR;
		};
		40B5C6832484BBE500D3A718 /* AudioEffectSettingKit.framework */ = {
			isa = PBXReferenceProxy;
			fileType = wrapper.framework;
			path = AudioEffectSettingKit.framework;
			remoteRef = 40B5C6822484BBE500D3A718 /* PBXContainerItemProxy */;
			sourceTree = BUILT_PRODUCTS_DIR;
		};
		40B5C6852484BBE500D3A718 /* AudioEffectSettingKitExample.app */ = {
			isa = PBXReferenceProxy;
			fileType = wrapper.application;
			path = AudioEffectSettingKitExample.app;
			remoteRef = 40B5C6842484BBE500D3A718 /* PBXContainerItemProxy */;
			sourceTree = BUILT_PRODUCTS_DIR;
		};
		40B5C6872484BBE500D3A718 /* AudioEffectSettingKitResources.bundle */ = {
			isa = PBXReferenceProxy;
			fileType = wrapper.cfbundle;
			path = AudioEffectSettingKitResources.bundle;
			remoteRef = 40B5C6862484BBE500D3A718 /* PBXContainerItemProxy */;
			sourceTree = BUILT_PRODUCTS_DIR;
		};
/* End PBXReferenceProxy section */

/* Begin PBXResourcesBuildPhase section */
		400922F41F4FCC6E009B882D /* Resources */ = {
			isa = PBXResourcesBuildPhase;
			buildActionMask = 2147483647;
			files = (
				4009235A1F4FCC6E009B882D /* LaunchScreen.storyboard in Resources */,
				40A7CFF02461102E00E792A5 /* SuperPlayer.bundle in Resources */,
				400923631F4FCC6E009B882D /* Assets.xcassets in Resources */,
				4009238F1F4FCC6E009B882D /* Main.storyboard in Resources */,
				D6BEF7ED2040362B00CBE2BD /* danmakufile in Resources */,
			);
			runOnlyForDeploymentPostprocessing = 0;
		};
/* End PBXResourcesBuildPhase section */

/* Begin PBXShellScriptBuildPhase section */
		6C4F8C3A6FA0475623441E96 /* [CP] Check Pods Manifest.lock */ = {
			isa = PBXShellScriptBuildPhase;
			buildActionMask = 2147483647;
			files = (
			);
			inputFileListPaths = (
			);
			inputPaths = (
				"${PODS_PODFILE_DIR_PATH}/Podfile.lock",
				"${PODS_ROOT}/Manifest.lock",
			);
			name = "[CP] Check Pods Manifest.lock";
			outputFileListPaths = (
			);
			outputPaths = (
				"$(DERIVED_FILE_DIR)/Pods-TXLiteAVDemo_Player-checkManifestLockResult.txt",
			);
			runOnlyForDeploymentPostprocessing = 0;
			shellPath = /bin/sh;
			shellScript = "diff \"${PODS_PODFILE_DIR_PATH}/Podfile.lock\" \"${PODS_ROOT}/Manifest.lock\" > /dev/null\nif [ $? != 0 ] ; then\n    # print error to STDERR\n    echo \"error: The sandbox is not in sync with the Podfile.lock. Run 'pod install' or update your CocoaPods installation.\" >&2\n    exit 1\nfi\n# This output is used by Xcode 'outputs' to avoid re-running this script phase.\necho \"SUCCESS\" > \"${SCRIPT_OUTPUT_FILE_0}\"\n";
			showEnvVarsInLog = 0;
		};
		AB7D42C4D97F2F1563F9AA1C /* [CP] Copy Pods Resources */ = {
			isa = PBXShellScriptBuildPhase;
			buildActionMask = 2147483647;
			files = (
			);
			inputPaths = (
				"${PODS_ROOT}/Target Support Files/Pods-TXLiteAVDemo_Player/Pods-TXLiteAVDemo_Player-resources.sh",
				"${PODS_ROOT}/MJRefresh/MJRefresh/MJRefresh.bundle",
			);
			name = "[CP] Copy Pods Resources";
			outputPaths = (
				"${TARGET_BUILD_DIR}/${UNLOCALIZED_RESOURCES_FOLDER_PATH}/MJRefresh.bundle",
			);
			runOnlyForDeploymentPostprocessing = 0;
			shellPath = /bin/sh;
			shellScript = "\"${PODS_ROOT}/Target Support Files/Pods-TXLiteAVDemo_Player/Pods-TXLiteAVDemo_Player-resources.sh\"\n";
			showEnvVarsInLog = 0;
		};
/* End PBXShellScriptBuildPhase section */

/* Begin PBXSourcesBuildPhase section */
		400922A61F4FCC6E009B882D /* Sources */ = {
			isa = PBXSourcesBuildPhase;
			buildActionMask = 2147483647;
			files = (
				400922AE1F4FCC6E009B882D /* UIButton+Glossy.m in Sources */,
				912A62102160D78A00C16E41 /* CFDanmaku.m in Sources */,
				402A010424506F740037A219 /* main.m in Sources */,
				D6BEF8222040368000CBE2BD /* ListVideoCell.m in Sources */,
				4053392724654D2700A6B478 /* TCHttpUtil.m in Sources */,
				D6BEF8232040368000CBE2BD /* MoviePlayerViewController.m in Sources */,
				912A62222160D78A00C16E41 /* CFDanmakuInfo.m in Sources */,
				400922B31F4FCC6E009B882D /* ScanQRController.mm in Sources */,
				40E1F4402468F72A00F3D350 /* UIColor+MLPFlatColors.m in Sources */,
				400922B71F4FCC6E009B882D /* AppDelegate.m in Sources */,
				91DB2F03212554B500013D74 /* SuperPlayerGuideView.m in Sources */,
				910E17A22080A27500178D86 /* TXMoviePlayerNetApi.m in Sources */,
				400922BD1F4FCC6E009B882D /* UIView+Additions.m in Sources */,
				400922BE1F4FCC6E009B882D /* AppLogMgr.m in Sources */,
				400922C11F4FCC6E009B882D /* MainTableViewCell.m in Sources */,
				400922C21F4FCC6E009B882D /* NSString+Common.m in Sources */,
				6A03ED441FD13E0D00F2F063 /* UIViewController+BackButtonHandler.m in Sources */,
				400922C71F4FCC6E009B882D /* MainViewController.m in Sources */,
				400922CB1F4FCC6E009B882D /* UIButton+Additions.m in Sources */,
				40E1F4472468F74800F3D350 /* NSString+UISize.m in Sources */,
				400922CE1F4FCC6E009B882D /* UIView+CustomAutoLayout.m in Sources */,
				400922D21F4FCC6E009B882D /* NSObject+CommonBlock.m in Sources */,
				910E17AB2080A38400178D86 /* TXMoviePlayInfoResponse.m in Sources */,
				400922DA1F4FCC6E009B882D /* NSData+Common.m in Sources */,
				912A62342160D78A00C16E41 /* CFDanmakuView.m in Sources */,
				40E1F44C2468F75000F3D350 /* NSDictionary+Common.m in Sources */,
				400922DB1F4FCC6E009B882D /* UIImage+Additions.m in Sources */,
				45D8449523B643A5001CD3A9 /* UGCUploadList.m in Sources */,
			);
			runOnlyForDeploymentPostprocessing = 0;
		};
/* End PBXSourcesBuildPhase section */

/* Begin PBXVariantGroup section */
		40F853311EE8FC9B00EE47D7 /* LaunchScreen.storyboard */ = {
			isa = PBXVariantGroup;
			children = (
				40F853321EE8FC9B00EE47D7 /* Base */,
			);
			name = LaunchScreen.storyboard;
			sourceTree = "<group>";
		};
		40F853331EE8FC9B00EE47D7 /* Main.storyboard */ = {
			isa = PBXVariantGroup;
			children = (
				40F853341EE8FC9B00EE47D7 /* Base */,
			);
			name = Main.storyboard;
			sourceTree = "<group>";
		};
/* End PBXVariantGroup section */

/* Begin XCBuildConfiguration section */
		400923B11F4FCC6E009B882D /* Debug */ = {
			isa = XCBuildConfiguration;
			baseConfigurationReference = FD55FF487EC5F3A9A38203AA /* Pods-TXLiteAVDemo_Player.debug.xcconfig */;
			buildSettings = {
				ALWAYS_EMBED_SWIFT_STANDARD_LIBRARIES = "$(inherited)";
				ASSETCATALOG_COMPILER_APPICON_NAME = AppIcon;
				CLANG_CXX_LANGUAGE_STANDARD = "c++0x";
				CODE_SIGN_IDENTITY = "";
				"CODE_SIGN_IDENTITY[sdk=iphoneos*]" = "iPhone Developer";
				CODE_SIGN_STYLE = Manual;
				DEVELOPMENT_TEAM = 5GHU44CJHG;
				ENABLE_BITCODE = NO;
				FRAMEWORK_SEARCH_PATHS = (
					"$(inherited)",
					"$(PROJECT_DIR)/TXLiteAVDemo",
					"$(PROJECT_DIR)/../SDK",
				);
				GCC_C_LANGUAGE_STANDARD = gnu99;
				GCC_ENABLE_CPP_EXCEPTIONS = NO;
				GCC_ENABLE_CPP_RTTI = NO;
				GCC_PREPROCESSOR_DEFINITIONS = (
					"$(inherited)",
					"SDK_MAIN_VERSION=$(MAIN_VERSION)",
					"SDK_SUB_VERSION=$(SUB_VERSION)",
					"SDK_FIX_VERSION=$(FIX_VERSION)",
					"SDK_BUILD_NUMBER=$(BUILD_NUMBER)",
					ENABLE_PLAY,
					PLAYER,
					NOT_LOGIN,
				);
				HEADER_SEARCH_PATHS = (
					"$(inherited)",
					"$(PROJECT_DIR)/../../sdk/liteav/build/$(CONFIGURATION)$(EFFECTIVE_PLATFORM_NAME)/TXLiteAVSDK_Player.framework/Headers",
					"$(CONFIGURATION_BUILD_DIR)/TXLiteAVSDK_Player.framework/Headers",
					"$(PROJECT_DIR)/../SDK/TXLiteAVSDK_Player.framework/Headers",
				);
				INFOPLIST_FILE = TXLiteAVDemo/App/Info.plist;
				IPHONEOS_DEPLOYMENT_TARGET = 9.0;
				LD_RUNPATH_SEARCH_PATHS = "$(inherited) @executable_path/Frameworks";
				LOCALIZED_STRING_SWIFTUI_SUPPORT = YES;
				MARKETING_VERSION = 7.2.1;
				OTHER_LDFLAGS = (
					"$(inherited)",
					"-ObjC",
				);
				OTHER_SWIFT_FLAGS = "$(inherited) -D COCOAPODS -Xcc -fmodule-map-file=\"${PODS_CONFIGURATION_BUILD_DIR}/Alamofire/Alamofire.modulemap\" -Xcc -fmodule-map-file=\"${PODS_CONFIGURATION_BUILD_DIR}/Material/Material.modulemap\" -Xcc -fmodule-map-file=\"${PODS_CONFIGURATION_BUILD_DIR}/Motion/Motion.modulemap\" -Xcc -fmodule-map-file=\"${PODS_CONFIGURATION_BUILD_DIR}/NVActivityIndicatorView/NVActivityIndicatorView.modulemap\" -Xcc -fmodule-map-file=\"${PODS_CONFIGURATION_BUILD_DIR}/RxCocoa/RxCocoa.modulemap\" -Xcc -fmodule-map-file=\"${PODS_CONFIGURATION_BUILD_DIR}/RxRelay/RxRelay.modulemap\" -Xcc -fmodule-map-file=\"${PODS_CONFIGURATION_BUILD_DIR}/RxSwift/RxSwift.modulemap\" -Xcc -fmodule-map-file=\"${PODS_CONFIGURATION_BUILD_DIR}/SnapKit/SnapKit.modulemap\" -Xcc -fmodule-map-file=\"${PODS_CONFIGURATION_BUILD_DIR}/Toast-Swift/Toast_Swift.modulemap\"";
				PRODUCT_BUNDLE_IDENTIFIER = com.tencent.liteav.demo;
				PRODUCT_NAME = "$(TARGET_NAME)";
				PROVISIONING_PROFILE_SPECIFIER = "Wildcard Dev";
				STRIP_INSTALLED_PRODUCT = NO;
				SWIFT_ACTIVE_COMPILATION_CONDITIONS = NOT_LOGIN;
				SWIFT_OBJC_BRIDGING_HEADER = "$(PROJECT_DIR)/TXLiteAVDemo/App/TXLiteAVDemo-Bridging-Header.h";
				SWIFT_OBJC_INTERFACE_HEADER_NAME = "TXLiteAVDemo-Swift.h";
				SWIFT_VERSION = 5.0;
				TARGETED_DEVICE_FAMILY = 1;
			};
			name = Debug;
		};
		400923B21F4FCC6E009B882D /* Release */ = {
			isa = XCBuildConfiguration;
			baseConfigurationReference = C2AAC1261BB0478201B5F0F2 /* Pods-TXLiteAVDemo_Player.release.xcconfig */;
			buildSettings = {
				ALWAYS_EMBED_SWIFT_STANDARD_LIBRARIES = "$(inherited)";
				ASSETCATALOG_COMPILER_APPICON_NAME = AppIcon;
				CLANG_CXX_LANGUAGE_STANDARD = "c++0x";
				CLANG_DEBUG_INFORMATION_LEVEL = "line-tables-only";
				CODE_SIGN_IDENTITY = "";
				"CODE_SIGN_IDENTITY[sdk=iphoneos*]" = "iPhone Distribution";
				CODE_SIGN_STYLE = Manual;
				COPY_PHASE_STRIP = YES;
				DEVELOPMENT_TEAM = FN2V63AD2J;
				ENABLE_BITCODE = NO;
				FRAMEWORK_SEARCH_PATHS = (
					"$(inherited)",
					"$(PROJECT_DIR)/TXLiteAVDemo",
					"$(PROJECT_DIR)/../SDK",
				);
				GCC_C_LANGUAGE_STANDARD = gnu99;
				GCC_ENABLE_CPP_EXCEPTIONS = NO;
				GCC_ENABLE_CPP_RTTI = NO;
				GCC_PREPROCESSOR_DEFINITIONS = (
					"$(inherited)",
					"SDK_MAIN_VERSION=$(MAIN_VERSION)",
					"SDK_SUB_VERSION=$(SUB_VERSION)",
					"SDK_FIX_VERSION=$(FIX_VERSION)",
					"SDK_BUILD_NUMBER=$(BUILD_NUMBER)",
					ENABLE_PLAY,
					PLAYER,
					NOT_LOGIN,
				);
				HEADER_SEARCH_PATHS = (
					"$(inherited)",
					"$(PROJECT_DIR)/../../sdk/liteav/build/$(CONFIGURATION)$(EFFECTIVE_PLATFORM_NAME)/TXLiteAVSDK_Player.framework/Headers",
					"$(CONFIGURATION_BUILD_DIR)/TXLiteAVSDK_Player.framework/Headers",
					"$(PROJECT_DIR)/../SDK/TXLiteAVSDK_Player.framework/Headers",
				);
				INFOPLIST_FILE = TXLiteAVDemo/App/Info.plist;
				IPHONEOS_DEPLOYMENT_TARGET = 9.0;
				LD_GENERATE_MAP_FILE = YES;
				LD_RUNPATH_SEARCH_PATHS = "$(inherited) @executable_path/Frameworks";
				LOCALIZED_STRING_SWIFTUI_SUPPORT = YES;
				MARKETING_VERSION = 7.2.1;
				OTHER_LDFLAGS = (
					"$(inherited)",
					"-ObjC",
				);
				OTHER_SWIFT_FLAGS = "$(inherited) -D COCOAPODS -Xcc -fmodule-map-file=\"${PODS_CONFIGURATION_BUILD_DIR}/Alamofire/Alamofire.modulemap\" -Xcc -fmodule-map-file=\"${PODS_CONFIGURATION_BUILD_DIR}/Material/Material.modulemap\" -Xcc -fmodule-map-file=\"${PODS_CONFIGURATION_BUILD_DIR}/Motion/Motion.modulemap\" -Xcc -fmodule-map-file=\"${PODS_CONFIGURATION_BUILD_DIR}/NVActivityIndicatorView/NVActivityIndicatorView.modulemap\" -Xcc -fmodule-map-file=\"${PODS_CONFIGURATION_BUILD_DIR}/RxCocoa/RxCocoa.modulemap\" -Xcc -fmodule-map-file=\"${PODS_CONFIGURATION_BUILD_DIR}/RxRelay/RxRelay.modulemap\" -Xcc -fmodule-map-file=\"${PODS_CONFIGURATION_BUILD_DIR}/RxSwift/RxSwift.modulemap\" -Xcc -fmodule-map-file=\"${PODS_CONFIGURATION_BUILD_DIR}/SnapKit/SnapKit.modulemap\" -Xcc -fmodule-map-file=\"${PODS_CONFIGURATION_BUILD_DIR}/Toast-Swift/Toast_Swift.modulemap\"";
				PRODUCT_BUNDLE_IDENTIFIER = com.tencent.fx.rtmpdemo2;
				PRODUCT_NAME = "$(TARGET_NAME)";
				PROVISIONING_PROFILE_SPECIFIER = com.tencent.fx.rtmpdemo2_Production_SignProvision;
				SWIFT_ACTIVE_COMPILATION_CONDITIONS = NOT_LOGIN;
				SWIFT_OBJC_BRIDGING_HEADER = "$(PROJECT_DIR)/TXLiteAVDemo/App/TXLiteAVDemo-Bridging-Header.h";
				SWIFT_OBJC_INTERFACE_HEADER_NAME = "TXLiteAVDemo-Swift.h";
				SWIFT_VERSION = 5.0;
				TARGETED_DEVICE_FAMILY = 1;
			};
			name = Release;
		};
		40F853181EE8FB3800EE47D7 /* Debug */ = {
			isa = XCBuildConfiguration;
			buildSettings = {
				ALWAYS_SEARCH_USER_PATHS = NO;
				CLANG_ANALYZER_NONNULL = YES;
				CLANG_ANALYZER_NUMBER_OBJECT_CONVERSION = YES_AGGRESSIVE;
				CLANG_CXX_LANGUAGE_STANDARD = "gnu++0x";
				CLANG_CXX_LIBRARY = "libc++";
				CLANG_ENABLE_MODULES = YES;
				CLANG_ENABLE_OBJC_ARC = YES;
				CLANG_WARN_BOOL_CONVERSION = YES;
				CLANG_WARN_CONSTANT_CONVERSION = YES;
				CLANG_WARN_DIRECT_OBJC_ISA_USAGE = YES_ERROR;
				CLANG_WARN_DOCUMENTATION_COMMENTS = YES;
				CLANG_WARN_EMPTY_BODY = YES;
				CLANG_WARN_ENUM_CONVERSION = YES;
				CLANG_WARN_INFINITE_RECURSION = YES;
				CLANG_WARN_INT_CONVERSION = YES;
				CLANG_WARN_OBJC_IMPLICIT_RETAIN_SELF = YES;
				CLANG_WARN_OBJC_ROOT_CLASS = YES_ERROR;
				CLANG_WARN_SUSPICIOUS_MOVE = YES;
				CLANG_WARN_UNREACHABLE_CODE = YES;
				CLANG_WARN__DUPLICATE_METHOD_MATCH = YES;
				"CODE_SIGN_IDENTITY[sdk=iphoneos*]" = "iPhone Developer";
				COPY_PHASE_STRIP = NO;
				DEBUG_INFORMATION_FORMAT = dwarf;
				ENABLE_STRICT_OBJC_MSGSEND = YES;
				ENABLE_TESTABILITY = YES;
				FRAMEWORK_SEARCH_PATHS = "$(SRCROOT)/../SDK";
				GCC_C_LANGUAGE_STANDARD = gnu99;
				GCC_DYNAMIC_NO_PIC = NO;
				GCC_NO_COMMON_BLOCKS = YES;
				GCC_OPTIMIZATION_LEVEL = 0;
				GCC_PREPROCESSOR_DEFINITIONS = (
					"DEBUG=1",
					"$(inherited)",
				);
				GCC_WARN_64_TO_32_BIT_CONVERSION = YES;
				GCC_WARN_ABOUT_RETURN_TYPE = YES_ERROR;
				GCC_WARN_UNDECLARED_SELECTOR = YES;
				GCC_WARN_UNINITIALIZED_AUTOS = YES_AGGRESSIVE;
				GCC_WARN_UNUSED_FUNCTION = YES;
				GCC_WARN_UNUSED_VARIABLE = YES;
				IPHONEOS_DEPLOYMENT_TARGET = 10.3;
				MTL_ENABLE_DEBUG_INFO = YES;
				ONLY_ACTIVE_ARCH = YES;
				SDKROOT = iphoneos;
				TARGETED_DEVICE_FAMILY = "1,2";
			};
			name = Debug;
		};
		40F853191EE8FB3800EE47D7 /* Release */ = {
			isa = XCBuildConfiguration;
			buildSettings = {
				ALWAYS_SEARCH_USER_PATHS = NO;
				CLANG_ANALYZER_NONNULL = YES;
				CLANG_ANALYZER_NUMBER_OBJECT_CONVERSION = YES_AGGRESSIVE;
				CLANG_CXX_LANGUAGE_STANDARD = "gnu++0x";
				CLANG_CXX_LIBRARY = "libc++";
				CLANG_ENABLE_MODULES = YES;
				CLANG_ENABLE_OBJC_ARC = YES;
				CLANG_WARN_BOOL_CONVERSION = YES;
				CLANG_WARN_CONSTANT_CONVERSION = YES;
				CLANG_WARN_DIRECT_OBJC_ISA_USAGE = YES_ERROR;
				CLANG_WARN_DOCUMENTATION_COMMENTS = YES;
				CLANG_WARN_EMPTY_BODY = YES;
				CLANG_WARN_ENUM_CONVERSION = YES;
				CLANG_WARN_INFINITE_RECURSION = YES;
				CLANG_WARN_INT_CONVERSION = YES;
				CLANG_WARN_OBJC_IMPLICIT_RETAIN_SELF = YES;
				CLANG_WARN_OBJC_ROOT_CLASS = YES_ERROR;
				CLANG_WARN_SUSPICIOUS_MOVE = YES;
				CLANG_WARN_UNREACHABLE_CODE = YES;
				CLANG_WARN__DUPLICATE_METHOD_MATCH = YES;
				"CODE_SIGN_IDENTITY[sdk=iphoneos*]" = "iPhone Distribution: Tencent Technology (Shenzhen) Co., Ltd";
				COPY_PHASE_STRIP = NO;
				DEBUG_INFORMATION_FORMAT = "dwarf-with-dsym";
				ENABLE_NS_ASSERTIONS = NO;
				ENABLE_STRICT_OBJC_MSGSEND = YES;
				FRAMEWORK_SEARCH_PATHS = "$(SRCROOT)/../SDK";
				GCC_C_LANGUAGE_STANDARD = gnu99;
				GCC_NO_COMMON_BLOCKS = YES;
				GCC_WARN_64_TO_32_BIT_CONVERSION = YES;
				GCC_WARN_ABOUT_RETURN_TYPE = YES_ERROR;
				GCC_WARN_UNDECLARED_SELECTOR = YES;
				GCC_WARN_UNINITIALIZED_AUTOS = YES_AGGRESSIVE;
				GCC_WARN_UNUSED_FUNCTION = YES;
				GCC_WARN_UNUSED_VARIABLE = YES;
				IPHONEOS_DEPLOYMENT_TARGET = 10.3;
				MTL_ENABLE_DEBUG_INFO = NO;
				SDKROOT = iphoneos;
				TARGETED_DEVICE_FAMILY = "1,2";
				VALIDATE_PRODUCT = YES;
			};
			name = Release;
		};
/* End XCBuildConfiguration section */

/* Begin XCConfigurationList section */
		400923B01F4FCC6E009B882D /* Build configuration list for PBXNativeTarget "TXLiteAVDemo_Player" */ = {
			isa = XCConfigurationList;
			buildConfigurations = (
				400923B11F4FCC6E009B882D /* Debug */,
				400923B21F4FCC6E009B882D /* Release */,
			);
			defaultConfigurationIsVisible = 0;
			defaultConfigurationName = Release;
		};
		40F852FE1EE8FB3800EE47D7 /* Build configuration list for PBXProject "TXLiteAVDemo" */ = {
			isa = XCConfigurationList;
			buildConfigurations = (
				40F853181EE8FB3800EE47D7 /* Debug */,
				40F853191EE8FB3800EE47D7 /* Release */,
			);
			defaultConfigurationIsVisible = 0;
			defaultConfigurationName = Release;
		};
/* End XCConfigurationList section */
	};
	rootObject = 40F852FB1EE8FB3800EE47D7 /* Project object */;
}
