PODS:
  - AFNetworking (4.0.0):
    - AFNetworking/NSURLSession (= 4.0.0)
    - AFNetworking/Reachability (= 4.0.0)
    - AFNetworking/Security (= 4.0.0)
    - AFNetworking/Serialization (= 4.0.0)
    - AFNetworking/UIKit (= 4.0.0)
  - AFNetworking/NSURLSession (4.0.0):
    - AFNetworking/Reachability
    - AFNetworking/Security
    - AFNetworking/Serialization
  - AFNetworking/Reachability (4.0.0)
  - AFNetworking/Security (4.0.0)
  - AFNetworking/Serialization (4.0.0)
  - AFNetworking/UIKit (4.0.0):
    - AFNetworking/NSURLSession
  - BlocksKit (2.2.5):
    - BlocksKit/All (= 2.2.5)
  - BlocksKit/All (2.2.5):
    - BlocksKit/Core
    - BlocksKit/DynamicDelegate
    - BlocksKit/MessageUI
    - BlocksKit/UIKit
  - BlocksKit/Core (2.2.5)
  - BlocksKit/DynamicDelegate (2.2.5)
  - BlocksKit/MessageUI (2.2.5):
    - BlocksKit/Core
    - BlocksKit/DynamicDelegate
  - BlocksKit/UIKit (2.2.5):
    - BlocksKit/Core
    - BlocksKit/DynamicDelegate
  - Bugly (2.5.2)
  - CWStatusBarNotification (2.3.5)
  - Masonry (1.1.0)
  - MBProgressHUD (1.2.0)
  - MJExtension (3.2.1)
  - MJRefresh (3.3.1)
  - SDWebImage (5.6.1):
    - SDWebImage/Core (= 5.6.1)
  - SDWebImage/Core (5.6.1)
  - SuperPlayer/Player (3.1.1):
    - AFNetworking
    - Masonry
    - SDWebImage

DEPENDENCIES:
  - AFNetworking
  - BlocksKit (~> 2.2.5)
  - Bugly
  - CWStatusBarNotification (~> 2.3.5)
  - Masonry
  - MBProgressHUD (~> 1.2.0)
  - MJExtension
  - MJRefresh
  - SDWebImage
  - SuperPlayer/Player (from `./TXLiteAVDemo/SuperPlayerKit/SuperPlayer.podspec`)

SPEC REPOS:
  trunk:
    - AFNetworking
    - BlocksKit
    - Bugly
    - CWStatusBarNotification
    - Masonry
    - MBProgressHUD
    - MJExtension
    - MJRefresh
    - SDWebImage

EXTERNAL SOURCES:
  SuperPlayer:
    :path: "./TXLiteAVDemo/SuperPlayerKit/SuperPlayer.podspec"

SPEC CHECKSUMS:
  AFNetworking: d9fdf484a3c723ec3c558a41cc5754c7e845ee77
  BlocksKit: 7f422b971407001178d181a43b99014ea2591fe6
  Bugly: dbac48b55ad469a97cc4321045cd50df8f63d44f
  CWStatusBarNotification: 3d2738b25c3207f60cc50201388d3c96182545ff
  Masonry: 678fab65091a9290e40e2832a55e7ab731aad201
  MBProgressHUD: 3ee5efcc380f6a79a7cc9b363dd669c5e1ae7406
  MJExtension: 635f2c663dcb1bf76fa4b715b2570a5710aec545
  MJRefresh: eeda70fbf0ad277f3178cef1cd0c3532591d6237
  SDWebImage: 7edb9c3ea661e77a66661f7f044de8c1b55d1120
  SuperPlayer: 3f49af712410a59c42c2c9bfcacd33e3a0e3e5ab

PODFILE CHECKSUM: 1df379d334d15387f79476735627426f004b5aed

COCOAPODS: 1.10.1
